Microsoft Visual Studio Solution File, Format Version 9.00
# Visual Studio 2005
Project("{8BC9CEB8-8B4A-11D0-8D11-00A0C91BC942}") = "RBSpringhead", "RBSpringhead8.vcproj", "{08EC338D-10D7-46CA-BE47-3B456AFE17D4}"
	ProjectSection(ProjectDependencies) = postProject
		{5819AD04-44BD-4CEF-AFDE-2CC736FE9C23} = {5819AD04-44BD-4CEF-AFDE-2CC736FE9C23}
		{CF3D6805-D975-4D96-8636-42DA78D4E104} = {CF3D6805-D975-4D96-8636-42DA78D4E104}
		{FA052413-2417-49EE-9387-5BB7B17CF9F4} = {FA052413-2417-49EE-9387-5BB7B17CF9F4}
		{5DD6484B-A722-48B0-91B8-63271D2B41FF} = {5DD6484B-A722-48B0-91B8-63271D2B41FF}
		{27277A70-7BC9-465B-9480-52B418E62A5A} = {27277A70-7BC9-465B-9480-52B418E62A5A}
		{E7E0348E-6104-4B0D-8A5B-0362278903B7} = {E7E0348E-6104-4B0D-8A5B-0362278903B7}
		{82F477C4-0098-4918-958D-AA162F567C42} = {82F477C4-0098-4918-958D-AA162F567C42}
	EndProjectSection
EndProject
Project("{8BC9CEB8-8B4A-11D0-8D11-00A0C91BC942}") = "Base", "..\..\src\Base\Base8.vcproj", "{82F477C4-0098-4918-958D-AA162F567C42}"
EndProject
Project("{8BC9CEB8-8B4A-11D0-8D11-00A0C91BC942}") = "Collision", "..\..\src\Collision\Collision8.vcproj", "{CF3D6805-D975-4D96-8636-42DA78D4E104}"
EndProject
Project("{8BC9CEB8-8B4A-11D0-8D11-00A0C91BC942}") = "FileIO", "..\..\src\FileIO\FileIO8.vcproj", "{27277A70-7BC9-465B-9480-52B418E62A5A}"
EndProject
Project("{8BC9CEB8-8B4A-11D0-8D11-00A0C91BC942}") = "Foundation", "..\..\src\Foundation\Foundation8.vcproj", "{5DD6484B-A722-48B0-91B8-63271D2B41FF}"
EndProject
Project("{8BC9CEB8-8B4A-11D0-8D11-00A0C91BC942}") = "Framework", "..\..\src\Framework\Framework8.vcproj", "{E7E0348E-6104-4B0D-8A5B-0362278903B7}"
EndProject
Project("{8BC9CEB8-8B4A-11D0-8D11-00A0C91BC942}") = "Graphics", "..\..\src\Graphics\Graphics8.vcproj", "{5819AD04-44BD-4CEF-AFDE-2CC736FE9C23}"
EndProject
Project("{8BC9CEB8-8B4A-11D0-8D11-00A0C91BC942}") = "Physics", "..\..\src\Physics\Physics8.vcproj", "{FA052413-2417-49EE-9387-5BB7B17CF9F4}"
EndProject
Project("{8BC9CEB8-8B4A-11D0-8D11-00A0C91BC942}") = "Test1", "..\Test1\Test1.vcproj", "{0B567F68-B75F-46F5-A97A-069E27543EB1}"
	ProjectSection(ProjectDependencies) = postProject
		{5819AD04-44BD-4CEF-AFDE-2CC736FE9C23} = {5819AD04-44BD-4CEF-AFDE-2CC736FE9C23}
		{CF3D6805-D975-4D96-8636-42DA78D4E104} = {CF3D6805-D975-4D96-8636-42DA78D4E104}
		{FA052413-2417-49EE-9387-5BB7B17CF9F4} = {FA052413-2417-49EE-9387-5BB7B17CF9F4}
		{5DD6484B-A722-48B0-91B8-63271D2B41FF} = {5DD6484B-A722-48B0-91B8-63271D2B41FF}
		{27277A70-7BC9-465B-9480-52B418E62A5A} = {27277A70-7BC9-465B-9480-52B418E62A5A}
		{E7E0348E-6104-4B0D-8A5B-0362278903B7} = {E7E0348E-6104-4B0D-8A5B-0362278903B7}
		{82F477C4-0098-4918-958D-AA162F567C42} = {82F477C4-0098-4918-958D-AA162F567C42}
	EndProjectSection
EndProject
Project("{8BC9CEB8-8B4A-11D0-8D11-00A0C91BC942}") = "SprConsole", "..\SprConsole\SprConsole.vcproj", "{5BDAA343-7EDE-4A51-84DD-1D3EFDAA33B0}"
EndProject
Global
	GlobalSection(SolutionConfigurationPlatforms) = preSolution
		Debug|Win32 = Debug|Win32
		Release|Win32 = Release|Win32
	EndGlobalSection
	GlobalSection(ProjectConfigurationPlatforms) = postSolution
		{08EC338D-10D7-46CA-BE47-3B456AFE17D4}.Debug|Win32.ActiveCfg = Debug|Win32
		{08EC338D-10D7-46CA-BE47-3B456AFE17D4}.Debug|Win32.Build.0 = Debug|Win32
		{08EC338D-10D7-46CA-BE47-3B456AFE17D4}.Release|Win32.ActiveCfg = Release|Win32
		{08EC338D-10D7-46CA-BE47-3B456AFE17D4}.Release|Win32.Build.0 = Release|Win32
		{82F477C4-0098-4918-958D-AA162F567C42}.Debug|Win32.ActiveCfg = Debug|Win32
		{82F477C4-0098-4918-958D-AA162F567C42}.Debug|Win32.Build.0 = Debug|Win32
		{82F477C4-0098-4918-958D-AA162F567C42}.Release|Win32.ActiveCfg = Release|Win32
		{82F477C4-0098-4918-958D-AA162F567C42}.Release|Win32.Build.0 = Release|Win32
		{CF3D6805-D975-4D96-8636-42DA78D4E104}.Debug|Win32.ActiveCfg = Debug|Win32
		{CF3D6805-D975-4D96-8636-42DA78D4E104}.Debug|Win32.Build.0 = Debug|Win32
		{CF3D6805-D975-4D96-8636-42DA78D4E104}.Release|Win32.ActiveCfg = Release|Win32
		{CF3D6805-D975-4D96-8636-42DA78D4E104}.Release|Win32.Build.0 = Release|Win32
		{27277A70-7BC9-465B-9480-52B418E62A5A}.Debug|Win32.ActiveCfg = Debug|Win32
		{27277A70-7BC9-465B-9480-52B418E62A5A}.Debug|Win32.Build.0 = Debug|Win32
		{27277A70-7BC9-465B-9480-52B418E62A5A}.Release|Win32.ActiveCfg = Release|Win32
		{27277A70-7BC9-465B-9480-52B418E62A5A}.Release|Win32.Build.0 = Release|Win32
		{5DD6484B-A722-48B0-91B8-63271D2B41FF}.Debug|Win32.ActiveCfg = Debug|Win32
		{5DD6484B-A722-48B0-91B8-63271D2B41FF}.Debug|Win32.Build.0 = Debug|Win32
		{5DD6484B-A722-48B0-91B8-63271D2B41FF}.Release|Win32.ActiveCfg = Release|Win32
		{5DD6484B-A722-48B0-91B8-63271D2B41FF}.Release|Win32.Build.0 = Release|Win32
		{E7E0348E-6104-4B0D-8A5B-0362278903B7}.Debug|Win32.ActiveCfg = Debug|Win32
		{E7E0348E-6104-4B0D-8A5B-0362278903B7}.Debug|Win32.Build.0 = Debug|Win32
		{E7E0348E-6104-4B0D-8A5B-0362278903B7}.Release|Win32.ActiveCfg = Release|Win32
		{E7E0348E-6104-4B0D-8A5B-0362278903B7}.Release|Win32.Build.0 = Release|Win32
		{5819AD04-44BD-4CEF-AFDE-2CC736FE9C23}.Debug|Win32.ActiveCfg = Debug|Win32
		{5819AD04-44BD-4CEF-AFDE-2CC736FE9C23}.Debug|Win32.Build.0 = Debug|Win32
		{5819AD04-44BD-4CEF-AFDE-2CC736FE9C23}.Release|Win32.ActiveCfg = Release|Win32
		{5819AD04-44BD-4CEF-AFDE-2CC736FE9C23}.Release|Win32.Build.0 = Release|Win32
		{FA052413-2417-49EE-9387-5BB7B17CF9F4}.Debug|Win32.ActiveCfg = Debug|Win32
		{FA052413-2417-49EE-9387-5BB7B17CF9F4}.Debug|Win32.Build.0 = Debug|Win32
		{FA052413-2417-49EE-9387-5BB7B17CF9F4}.Release|Win32.ActiveCfg = Release|Win32
		{FA052413-2417-49EE-9387-5BB7B17CF9F4}.Release|Win32.Build.0 = Release|Win32
		{0B567F68-B75F-46F5-A97A-069E27543EB1}.Debug|Win32.ActiveCfg = Debug|Win32
		{0B567F68-B75F-46F5-A97A-069E27543EB1}.Debug|Win32.Build.0 = Debug|Win32
		{0B567F68-B75F-46F5-A97A-069E27543EB1}.Release|Win32.ActiveCfg = Release|Win32
		{0B567F68-B75F-46F5-A97A-069E27543EB1}.Release|Win32.Build.0 = Release|Win32
		{5BDAA343-7EDE-4A51-84DD-1D3EFDAA33B0}.Debug|Win32.ActiveCfg = Debug|Win32
		{5BDAA343-7EDE-4A51-84DD-1D3EFDAA33B0}.Debug|Win32.Build.0 = Debug|Win32
		{5BDAA343-7EDE-4A51-84DD-1D3EFDAA33B0}.Release|Win32.ActiveCfg = Release|Win32
		{5BDAA343-7EDE-4A51-84DD-1D3EFDAA33B0}.Release|Win32.Build.0 = Release|Win32
	EndGlobalSection
	GlobalSection(SolutionProperties) = preSolution
		HideSolutionNode = FALSE
	EndGlobalSection
EndGlobal
