Microsoft Visual Studio Solution File, Format Version 9.00
# Visual Studio 2005
Project("{8BC9CEB8-8B4A-11D0-8D11-00A0C91BC942}") = "#{APPLICATIONNAME}", "#{APPLICATIONNAME}.vcproj", "{E36AB71F-FF5C-4B0E-BA7A-AACA20575C66}"
	ProjectSection(ProjectDependencies) = postProject
		{5819AD04-44BD-4CEF-AFDE-2CC736FE9C23} = {5819AD04-44BD-4CEF-AFDE-2CC736FE9C23}
		{27277A70-7BC9-465B-9480-52B418E62A5A} = {27277A70-7BC9-465B-9480-52B418E62A5A}
		{82F477C4-0098-4918-958D-AA162F567C42} = {82F477C4-0098-4918-958D-AA162F567C42}
		{E7E0348E-6104-4B0D-8A5B-0362278903B7} = {E7E0348E-6104-4B0D-8A5B-0362278903B7}
		{5DD6484B-A722-48B0-91B8-63271D2B41FF} = {5DD6484B-A722-48B0-91B8-63271D2B41FF}
		{FA052413-2417-49EE-9387-5BB7B17CF9F4} = {FA052413-2417-49EE-9387-5BB7B17CF9F4}
		{CF3D6805-D975-4D96-8636-42DA78D4E104} = {CF3D6805-D975-4D96-8636-42DA78D4E104}
	EndProjectSection
EndProject
Project("{8BC9CEB8-8B4A-11D0-8D11-00A0C91BC942}") = "Base", "#{SPRINGHEAD2}\src\Base\Base8.vcproj", "{82F477C4-0098-4918-958D-AA162F567C42}"
EndProject
Project("{8BC9CEB8-8B4A-11D0-8D11-00A0C91BC942}") = "Collision", "#{SPRINGHEAD2}\src\Collision\Collision8.vcproj", "{CF3D6805-D975-4D96-8636-42DA78D4E104}"
EndProject
Project("{8BC9CEB8-8B4A-11D0-8D11-00A0C91BC942}") = "Framework", "#{SPRINGHEAD2}\src\Framework\Framework8.vcproj", "{E7E0348E-6104-4B0D-8A5B-0362278903B7}"
EndProject
Project("{8BC9CEB8-8B4A-11D0-8D11-00A0C91BC942}") = "Foundation", "#{SPRINGHEAD2}\src\Foundation\Foundation8.vcproj", "{5DD6484B-A722-48B0-91B8-63271D2B41FF}"
EndProject
Project("{8BC9CEB8-8B4A-11D0-8D11-00A0C91BC942}") = "Graphics", "#{SPRINGHEAD2}\src\Graphics\Graphics8.vcproj", "{5819AD04-44BD-4CEF-AFDE-2CC736FE9C23}"
EndProject
Project("{8BC9CEB8-8B4A-11D0-8D11-00A0C91BC942}") = "Physics", "#{SPRINGHEAD2}\src\Physics\Physics8.vcproj", "{FA052413-2417-49EE-9387-5BB7B17CF9F4}"
EndProject
Project("{8BC9CEB8-8B4A-11D0-8D11-00A0C91BC942}") = "FileIO", "#{SPRINGHEAD2}\src\FileIO\FileIO8.vcproj", "{27277A70-7BC9-465B-9480-52B418E62A5A}"
EndProject
Global
	GlobalSection(SolutionConfigurationPlatforms) = preSolution
		Debug|Win32 = Debug|Win32
		Release|Win32 = Release|Win32
	EndGlobalSection
	GlobalSection(ProjectConfigurationPlatforms) = postSolution
		{E36AB71F-FF5C-4B0E-BA7A-AACA20575C66}.Debug|Win32.ActiveCfg = Debug|Win32
		{E36AB71F-FF5C-4B0E-BA7A-AACA20575C66}.Debug|Win32.Build.0 = Debug|Win32
		{E36AB71F-FF5C-4B0E-BA7A-AACA20575C66}.Release|Win32.ActiveCfg = Release|Win32
		{E36AB71F-FF5C-4B0E-BA7A-AACA20575C66}.Release|Win32.Build.0 = Release|Win32
		{82F477C4-0098-4918-958D-AA162F567C42}.Debug|Win32.ActiveCfg = Debug|Win32
		{82F477C4-0098-4918-958D-AA162F567C42}.Debug|Win32.Build.0 = Debug|Win32
		{82F477C4-0098-4918-958D-AA162F567C42}.Release|Win32.ActiveCfg = Release|Win32
		{82F477C4-0098-4918-958D-AA162F567C42}.Release|Win32.Build.0 = Release|Win32
		{CF3D6805-D975-4D96-8636-42DA78D4E104}.Debug|Win32.ActiveCfg = Debug|Win32
		{CF3D6805-D975-4D96-8636-42DA78D4E104}.Debug|Win32.Build.0 = Debug|Win32
		{CF3D6805-D975-4D96-8636-42DA78D4E104}.Release|Win32.ActiveCfg = Release|Win32
		{CF3D6805-D975-4D96-8636-42DA78D4E104}.Release|Win32.Build.0 = Release|Win32
		{E7E0348E-6104-4B0D-8A5B-0362278903B7}.Debug|Win32.ActiveCfg = Debug|Win32
		{E7E0348E-6104-4B0D-8A5B-0362278903B7}.Debug|Win32.Build.0 = Debug|Win32
		{E7E0348E-6104-4B0D-8A5B-0362278903B7}.Release|Win32.ActiveCfg = Release|Win32
		{E7E0348E-6104-4B0D-8A5B-0362278903B7}.Release|Win32.Build.0 = Release|Win32
		{5DD6484B-A722-48B0-91B8-63271D2B41FF}.Debug|Win32.ActiveCfg = Debug|Win32
		{5DD6484B-A722-48B0-91B8-63271D2B41FF}.Debug|Win32.Build.0 = Debug|Win32
		{5DD6484B-A722-48B0-91B8-63271D2B41FF}.Release|Win32.ActiveCfg = Release|Win32
		{5DD6484B-A722-48B0-91B8-63271D2B41FF}.Release|Win32.Build.0 = Release|Win32
		{5819AD04-44BD-4CEF-AFDE-2CC736FE9C23}.Debug|Win32.ActiveCfg = Debug|Win32
		{5819AD04-44BD-4CEF-AFDE-2CC736FE9C23}.Debug|Win32.Build.0 = Debug|Win32
		{5819AD04-44BD-4CEF-AFDE-2CC736FE9C23}.Release|Win32.ActiveCfg = Release|Win32
		{5819AD04-44BD-4CEF-AFDE-2CC736FE9C23}.Release|Win32.Build.0 = Release|Win32
		{FA052413-2417-49EE-9387-5BB7B17CF9F4}.Debug|Win32.ActiveCfg = Debug|Win32
		{FA052413-2417-49EE-9387-5BB7B17CF9F4}.Debug|Win32.Build.0 = Debug|Win32
		{FA052413-2417-49EE-9387-5BB7B17CF9F4}.Release|Win32.ActiveCfg = Release|Win32
		{FA052413-2417-49EE-9387-5BB7B17CF9F4}.Release|Win32.Build.0 = Release|Win32
		{27277A70-7BC9-465B-9480-52B418E62A5A}.Debug|Win32.ActiveCfg = Debug|Win32
		{27277A70-7BC9-465B-9480-52B418E62A5A}.Debug|Win32.Build.0 = Debug|Win32
		{27277A70-7BC9-465B-9480-52B418E62A5A}.Release|Win32.ActiveCfg = Release|Win32
		{27277A70-7BC9-465B-9480-52B418E62A5A}.Release|Win32.Build.0 = Release|Win32
	EndGlobalSection
	GlobalSection(SolutionProperties) = preSolution
		HideSolutionNode = FALSE
	EndGlobalSection
EndGlobal
