
Microsoft Visual Studio Solution File, Format Version 12.00
# Visual Studio 15
VisualStudioVersion = 15.0.27428.1
MinimumVisualStudioVersion = 10.0.40219.1
Project("{8BC9CEB8-8B4A-11D0-8D11-00A0C91BC942}") = "Base", "Base\Base15.0.vcxproj", "{90010CD8-7C45-481E-8697-AAB9B3FB9E4F}"
	ProjectSection(ProjectDependencies) = postProject
		{4AC6C708-19C9-4CC1-A25B-D9682470411E} = {4AC6C708-19C9-4CC1-A25B-D9682470411E}
	EndProjectSection
EndProject
Project("{8BC9CEB8-8B4A-11D0-8D11-00A0C91BC942}") = "Collision", "Collision\Collision15.0.vcxproj", "{8C62959E-9E67-4439-836E-25BE57501463}"
	ProjectSection(ProjectDependencies) = postProject
		{4AC6C708-19C9-4CC1-A25B-D9682470411E} = {4AC6C708-19C9-4CC1-A25B-D9682470411E}
	EndProjectSection
EndProject
Project("{8BC9CEB8-8B4A-11D0-8D11-00A0C91BC942}") = "Creature", "Creature\Creature15.0.vcxproj", "{F674A4D7-A183-4C53-815D-12E17B71C6A0}"
	ProjectSection(ProjectDependencies) = postProject
		{4AC6C708-19C9-4CC1-A25B-D9682470411E} = {4AC6C708-19C9-4CC1-A25B-D9682470411E}
	EndProjectSection
EndProject
Project("{8BC9CEB8-8B4A-11D0-8D11-00A0C91BC942}") = "FileIO", "FileIO\FileIO15.0.vcxproj", "{3CA4689D-77DA-4B2E-A718-CBB6A8FF04D7}"
	ProjectSection(ProjectDependencies) = postProject
		{4AC6C708-19C9-4CC1-A25B-D9682470411E} = {4AC6C708-19C9-4CC1-A25B-D9682470411E}
	EndProjectSection
EndProject
Project("{8BC9CEB8-8B4A-11D0-8D11-00A0C91BC942}") = "Foundation", "Foundation\Foundation15.0.vcxproj", "{916BF063-5A94-4652-B355-62220EF17768}"
	ProjectSection(ProjectDependencies) = postProject
		{4AC6C708-19C9-4CC1-A25B-D9682470411E} = {4AC6C708-19C9-4CC1-A25B-D9682470411E}
	EndProjectSection
EndProject
Project("{8BC9CEB8-8B4A-11D0-8D11-00A0C91BC942}") = "Framework", "Framework\Framework15.0.vcxproj", "{755660BE-3B1E-416B-B795-4F653C83A43A}"
	ProjectSection(ProjectDependencies) = postProject
		{4AC6C708-19C9-4CC1-A25B-D9682470411E} = {4AC6C708-19C9-4CC1-A25B-D9682470411E}
	EndProjectSection
EndProject
Project("{8BC9CEB8-8B4A-11D0-8D11-00A0C91BC942}") = "Graphics", "Graphics\Graphics15.0.vcxproj", "{A339C0CA-D5FB-4DFA-9BCF-826739790653}"
	ProjectSection(ProjectDependencies) = postProject
		{4AC6C708-19C9-4CC1-A25B-D9682470411E} = {4AC6C708-19C9-4CC1-A25B-D9682470411E}
	EndProjectSection
EndProject
Project("{8BC9CEB8-8B4A-11D0-8D11-00A0C91BC942}") = "HumanInterface", "HumanInterface\HumanInterface15.0.vcxproj", "{05138F41-5673-4E19-A5C7-2A684488B23A}"
	ProjectSection(ProjectDependencies) = postProject
		{4AC6C708-19C9-4CC1-A25B-D9682470411E} = {4AC6C708-19C9-4CC1-A25B-D9682470411E}
	EndProjectSection
EndProject
Project("{8BC9CEB8-8B4A-11D0-8D11-00A0C91BC942}") = "Physics", "Physics\Physics15.0.vcxproj", "{A2B91F83-DF0A-473D-9C3B-059673CD2046}"
	ProjectSection(ProjectDependencies) = postProject
		{4AC6C708-19C9-4CC1-A25B-D9682470411E} = {4AC6C708-19C9-4CC1-A25B-D9682470411E}
	EndProjectSection
EndProject
Project("{8BC9CEB8-8B4A-11D0-8D11-00A0C91BC942}") = "RunSwig", "RunSwig\RunSwig15.0.vcxproj", "{4AC6C708-19C9-4CC1-A25B-D9682470411E}"
EndProject
Project("{8BC9CEB8-8B4A-11D0-8D11-00A0C91BC942}") = "Springhead", "Springhead15.0.vcxproj", "{97A61237-928A-4AB9-BD0E-01441AE511B7}"
EndProject
Global
	GlobalSection(SolutionConfigurationPlatforms) = preSolution
		Debug|x64 = Debug|x64
		Debug|x86 = Debug|x86
		Release|x64 = Release|x64
		Release|x86 = Release|x86
		Trace|x64 = Trace|x64
		Trace|x86 = Trace|x86
	EndGlobalSection
	GlobalSection(ProjectConfigurationPlatforms) = postSolution
		{90010CD8-7C45-481E-8697-AAB9B3FB9E4F}.Debug|x64.ActiveCfg = Debug|x64
		{90010CD8-7C45-481E-8697-AAB9B3FB9E4F}.Debug|x64.Build.0 = Debug|x64
		{90010CD8-7C45-481E-8697-AAB9B3FB9E4F}.Debug|x86.ActiveCfg = Debug|Win32
		{90010CD8-7C45-481E-8697-AAB9B3FB9E4F}.Debug|x86.Build.0 = Debug|Win32
		{90010CD8-7C45-481E-8697-AAB9B3FB9E4F}.Release|x64.ActiveCfg = Release|x64
		{90010CD8-7C45-481E-8697-AAB9B3FB9E4F}.Release|x64.Build.0 = Release|x64
		{90010CD8-7C45-481E-8697-AAB9B3FB9E4F}.Release|x86.ActiveCfg = Release|Win32
		{90010CD8-7C45-481E-8697-AAB9B3FB9E4F}.Release|x86.Build.0 = Release|Win32
		{90010CD8-7C45-481E-8697-AAB9B3FB9E4F}.Trace|x64.ActiveCfg = Trace|x64
		{90010CD8-7C45-481E-8697-AAB9B3FB9E4F}.Trace|x64.Build.0 = Trace|x64
		{90010CD8-7C45-481E-8697-AAB9B3FB9E4F}.Trace|x86.ActiveCfg = Trace|Win32
		{90010CD8-7C45-481E-8697-AAB9B3FB9E4F}.Trace|x86.Build.0 = Trace|Win32
		{8C62959E-9E67-4439-836E-25BE57501463}.Debug|x64.ActiveCfg = Debug|x64
		{8C62959E-9E67-4439-836E-25BE57501463}.Debug|x64.Build.0 = Debug|x64
		{8C62959E-9E67-4439-836E-25BE57501463}.Debug|x86.ActiveCfg = Debug|Win32
		{8C62959E-9E67-4439-836E-25BE57501463}.Debug|x86.Build.0 = Debug|Win32
		{8C62959E-9E67-4439-836E-25BE57501463}.Release|x64.ActiveCfg = Release|x64
		{8C62959E-9E67-4439-836E-25BE57501463}.Release|x64.Build.0 = Release|x64
		{8C62959E-9E67-4439-836E-25BE57501463}.Release|x86.ActiveCfg = Release|Win32
		{8C62959E-9E67-4439-836E-25BE57501463}.Release|x86.Build.0 = Release|Win32
		{8C62959E-9E67-4439-836E-25BE57501463}.Trace|x64.ActiveCfg = Trace|x64
		{8C62959E-9E67-4439-836E-25BE57501463}.Trace|x64.Build.0 = Trace|x64
		{8C62959E-9E67-4439-836E-25BE57501463}.Trace|x86.ActiveCfg = Trace|Win32
		{8C62959E-9E67-4439-836E-25BE57501463}.Trace|x86.Build.0 = Trace|Win32
		{F674A4D7-A183-4C53-815D-12E17B71C6A0}.Debug|x64.ActiveCfg = Debug|x64
		{F674A4D7-A183-4C53-815D-12E17B71C6A0}.Debug|x64.Build.0 = Debug|x64
		{F674A4D7-A183-4C53-815D-12E17B71C6A0}.Debug|x86.ActiveCfg = Debug|Win32
		{F674A4D7-A183-4C53-815D-12E17B71C6A0}.Debug|x86.Build.0 = Debug|Win32
		{F674A4D7-A183-4C53-815D-12E17B71C6A0}.Release|x64.ActiveCfg = Release|x64
		{F674A4D7-A183-4C53-815D-12E17B71C6A0}.Release|x64.Build.0 = Release|x64
		{F674A4D7-A183-4C53-815D-12E17B71C6A0}.Release|x86.ActiveCfg = Release|Win32
		{F674A4D7-A183-4C53-815D-12E17B71C6A0}.Release|x86.Build.0 = Release|Win32
		{F674A4D7-A183-4C53-815D-12E17B71C6A0}.Trace|x64.ActiveCfg = Trace|x64
		{F674A4D7-A183-4C53-815D-12E17B71C6A0}.Trace|x64.Build.0 = Trace|x64
		{F674A4D7-A183-4C53-815D-12E17B71C6A0}.Trace|x86.ActiveCfg = Trace|Win32
		{F674A4D7-A183-4C53-815D-12E17B71C6A0}.Trace|x86.Build.0 = Trace|Win32
		{3CA4689D-77DA-4B2E-A718-CBB6A8FF04D7}.Debug|x64.ActiveCfg = Debug|x64
		{3CA4689D-77DA-4B2E-A718-CBB6A8FF04D7}.Debug|x64.Build.0 = Debug|x64
		{3CA4689D-77DA-4B2E-A718-CBB6A8FF04D7}.Debug|x86.ActiveCfg = Debug|Win32
		{3CA4689D-77DA-4B2E-A718-CBB6A8FF04D7}.Debug|x86.Build.0 = Debug|Win32
		{3CA4689D-77DA-4B2E-A718-CBB6A8FF04D7}.Release|x64.ActiveCfg = Release|x64
		{3CA4689D-77DA-4B2E-A718-CBB6A8FF04D7}.Release|x64.Build.0 = Release|x64
		{3CA4689D-77DA-4B2E-A718-CBB6A8FF04D7}.Release|x86.ActiveCfg = Release|Win32
		{3CA4689D-77DA-4B2E-A718-CBB6A8FF04D7}.Release|x86.Build.0 = Release|Win32
		{3CA4689D-77DA-4B2E-A718-CBB6A8FF04D7}.Trace|x64.ActiveCfg = Trace|x64
		{3CA4689D-77DA-4B2E-A718-CBB6A8FF04D7}.Trace|x64.Build.0 = Trace|x64
		{3CA4689D-77DA-4B2E-A718-CBB6A8FF04D7}.Trace|x86.ActiveCfg = Trace|Win32
		{3CA4689D-77DA-4B2E-A718-CBB6A8FF04D7}.Trace|x86.Build.0 = Trace|Win32
		{916BF063-5A94-4652-B355-62220EF17768}.Debug|x64.ActiveCfg = Debug|x64
		{916BF063-5A94-4652-B355-62220EF17768}.Debug|x64.Build.0 = Debug|x64
		{916BF063-5A94-4652-B355-62220EF17768}.Debug|x86.ActiveCfg = Debug|Win32
		{916BF063-5A94-4652-B355-62220EF17768}.Debug|x86.Build.0 = Debug|Win32
		{916BF063-5A94-4652-B355-62220EF17768}.Release|x64.ActiveCfg = Release|x64
		{916BF063-5A94-4652-B355-62220EF17768}.Release|x64.Build.0 = Release|x64
		{916BF063-5A94-4652-B355-62220EF17768}.Release|x86.ActiveCfg = Release|Win32
		{916BF063-5A94-4652-B355-62220EF17768}.Release|x86.Build.0 = Release|Win32
		{916BF063-5A94-4652-B355-62220EF17768}.Trace|x64.ActiveCfg = Trace|x64
		{916BF063-5A94-4652-B355-62220EF17768}.Trace|x64.Build.0 = Trace|x64
		{916BF063-5A94-4652-B355-62220EF17768}.Trace|x86.ActiveCfg = Trace|Win32
		{916BF063-5A94-4652-B355-62220EF17768}.Trace|x86.Build.0 = Trace|Win32
		{755660BE-3B1E-416B-B795-4F653C83A43A}.Debug|x64.ActiveCfg = Debug|x64
		{755660BE-3B1E-416B-B795-4F653C83A43A}.Debug|x64.Build.0 = Debug|x64
		{755660BE-3B1E-416B-B795-4F653C83A43A}.Debug|x86.ActiveCfg = Debug|Win32
		{755660BE-3B1E-416B-B795-4F653C83A43A}.Debug|x86.Build.0 = Debug|Win32
		{755660BE-3B1E-416B-B795-4F653C83A43A}.Release|x64.ActiveCfg = Release|x64
		{755660BE-3B1E-416B-B795-4F653C83A43A}.Release|x64.Build.0 = Release|x64
		{755660BE-3B1E-416B-B795-4F653C83A43A}.Release|x86.ActiveCfg = Release|Win32
		{755660BE-3B1E-416B-B795-4F653C83A43A}.Release|x86.Build.0 = Release|Win32
		{755660BE-3B1E-416B-B795-4F653C83A43A}.Trace|x64.ActiveCfg = Trace|x64
		{755660BE-3B1E-416B-B795-4F653C83A43A}.Trace|x64.Build.0 = Trace|x64
		{755660BE-3B1E-416B-B795-4F653C83A43A}.Trace|x86.ActiveCfg = Trace|Win32
		{755660BE-3B1E-416B-B795-4F653C83A43A}.Trace|x86.Build.0 = Trace|Win32
		{A339C0CA-D5FB-4DFA-9BCF-826739790653}.Debug|x64.ActiveCfg = Debug|x64
		{A339C0CA-D5FB-4DFA-9BCF-826739790653}.Debug|x64.Build.0 = Debug|x64
		{A339C0CA-D5FB-4DFA-9BCF-826739790653}.Debug|x86.ActiveCfg = Debug|Win32
		{A339C0CA-D5FB-4DFA-9BCF-826739790653}.Debug|x86.Build.0 = Debug|Win32
		{A339C0CA-D5FB-4DFA-9BCF-826739790653}.Release|x64.ActiveCfg = Release|x64
		{A339C0CA-D5FB-4DFA-9BCF-826739790653}.Release|x64.Build.0 = Release|x64
		{A339C0CA-D5FB-4DFA-9BCF-826739790653}.Release|x86.ActiveCfg = Release|Win32
		{A339C0CA-D5FB-4DFA-9BCF-826739790653}.Release|x86.Build.0 = Release|Win32
		{A339C0CA-D5FB-4DFA-9BCF-826739790653}.Trace|x64.ActiveCfg = Trace|x64
		{A339C0CA-D5FB-4DFA-9BCF-826739790653}.Trace|x64.Build.0 = Trace|x64
		{A339C0CA-D5FB-4DFA-9BCF-826739790653}.Trace|x86.ActiveCfg = Trace|Win32
		{A339C0CA-D5FB-4DFA-9BCF-826739790653}.Trace|x86.Build.0 = Trace|Win32
		{05138F41-5673-4E19-A5C7-2A684488B23A}.Debug|x64.ActiveCfg = Debug|x64
		{05138F41-5673-4E19-A5C7-2A684488B23A}.Debug|x64.Build.0 = Debug|x64
		{05138F41-5673-4E19-A5C7-2A684488B23A}.Debug|x86.ActiveCfg = Debug|Win32
		{05138F41-5673-4E19-A5C7-2A684488B23A}.Debug|x86.Build.0 = Debug|Win32
		{05138F41-5673-4E19-A5C7-2A684488B23A}.Release|x64.ActiveCfg = Release|x64
		{05138F41-5673-4E19-A5C7-2A684488B23A}.Release|x64.Build.0 = Release|x64
		{05138F41-5673-4E19-A5C7-2A684488B23A}.Release|x86.ActiveCfg = Release|Win32
		{05138F41-5673-4E19-A5C7-2A684488B23A}.Release|x86.Build.0 = Release|Win32
		{05138F41-5673-4E19-A5C7-2A684488B23A}.Trace|x64.ActiveCfg = Trace|x64
		{05138F41-5673-4E19-A5C7-2A684488B23A}.Trace|x64.Build.0 = Trace|x64
		{05138F41-5673-4E19-A5C7-2A684488B23A}.Trace|x86.ActiveCfg = Trace|Win32
		{05138F41-5673-4E19-A5C7-2A684488B23A}.Trace|x86.Build.0 = Trace|Win32
		{A2B91F83-DF0A-473D-9C3B-059673CD2046}.Debug|x64.ActiveCfg = Debug|x64
		{A2B91F83-DF0A-473D-9C3B-059673CD2046}.Debug|x64.Build.0 = Debug|x64
		{A2B91F83-DF0A-473D-9C3B-059673CD2046}.Debug|x86.ActiveCfg = Debug|Win32
		{A2B91F83-DF0A-473D-9C3B-059673CD2046}.Debug|x86.Build.0 = Debug|Win32
		{A2B91F83-DF0A-473D-9C3B-059673CD2046}.Release|x64.ActiveCfg = Release|x64
		{A2B91F83-DF0A-473D-9C3B-059673CD2046}.Release|x64.Build.0 = Release|x64
		{A2B91F83-DF0A-473D-9C3B-059673CD2046}.Release|x86.ActiveCfg = Release|Win32
		{A2B91F83-DF0A-473D-9C3B-059673CD2046}.Release|x86.Build.0 = Release|Win32
		{A2B91F83-DF0A-473D-9C3B-059673CD2046}.Trace|x64.ActiveCfg = Trace|x64
		{A2B91F83-DF0A-473D-9C3B-059673CD2046}.Trace|x64.Build.0 = Trace|x64
		{A2B91F83-DF0A-473D-9C3B-059673CD2046}.Trace|x86.ActiveCfg = Trace|Win32
		{A2B91F83-DF0A-473D-9C3B-059673CD2046}.Trace|x86.Build.0 = Trace|Win32
		{4AC6C708-19C9-4CC1-A25B-D9682470411E}.Debug|x64.ActiveCfg = Debug|x64
		{4AC6C708-19C9-4CC1-A25B-D9682470411E}.Debug|x64.Build.0 = Debug|x64
		{4AC6C708-19C9-4CC1-A25B-D9682470411E}.Debug|x86.ActiveCfg = Debug|Win32
		{4AC6C708-19C9-4CC1-A25B-D9682470411E}.Debug|x86.Build.0 = Debug|Win32
		{4AC6C708-19C9-4CC1-A25B-D9682470411E}.Release|x64.ActiveCfg = Release|x64
		{4AC6C708-19C9-4CC1-A25B-D9682470411E}.Release|x64.Build.0 = Release|x64
		{4AC6C708-19C9-4CC1-A25B-D9682470411E}.Release|x86.ActiveCfg = Release|Win32
		{4AC6C708-19C9-4CC1-A25B-D9682470411E}.Release|x86.Build.0 = Release|Win32
		{4AC6C708-19C9-4CC1-A25B-D9682470411E}.Trace|x64.ActiveCfg = Trace|x64
		{4AC6C708-19C9-4CC1-A25B-D9682470411E}.Trace|x64.Build.0 = Trace|x64
		{4AC6C708-19C9-4CC1-A25B-D9682470411E}.Trace|x86.ActiveCfg = Trace|Win32
		{4AC6C708-19C9-4CC1-A25B-D9682470411E}.Trace|x86.Build.0 = Trace|Win32
		{97A61237-928A-4AB9-BD0E-01441AE511B7}.Debug|x64.ActiveCfg = Debug|x64
		{97A61237-928A-4AB9-BD0E-01441AE511B7}.Debug|x64.Build.0 = Debug|x64
		{97A61237-928A-4AB9-BD0E-01441AE511B7}.Debug|x86.ActiveCfg = Debug|Win32
		{97A61237-928A-4AB9-BD0E-01441AE511B7}.Debug|x86.Build.0 = Debug|Win32
		{97A61237-928A-4AB9-BD0E-01441AE511B7}.Release|x64.ActiveCfg = Release|x64
		{97A61237-928A-4AB9-BD0E-01441AE511B7}.Release|x64.Build.0 = Release|x64
		{97A61237-928A-4AB9-BD0E-01441AE511B7}.Release|x86.ActiveCfg = Release|Win32
		{97A61237-928A-4AB9-BD0E-01441AE511B7}.Release|x86.Build.0 = Release|Win32
		{97A61237-928A-4AB9-BD0E-01441AE511B7}.Trace|x64.ActiveCfg = Trace|x64
		{97A61237-928A-4AB9-BD0E-01441AE511B7}.Trace|x64.Build.0 = Trace|x64
		{97A61237-928A-4AB9-BD0E-01441AE511B7}.Trace|x86.ActiveCfg = Trace|Win32
		{97A61237-928A-4AB9-BD0E-01441AE511B7}.Trace|x86.Build.0 = Trace|Win32
	EndGlobalSection
	GlobalSection(SolutionProperties) = preSolution
		HideSolutionNode = FALSE
	EndGlobalSection
	GlobalSection(ExtensibilityGlobals) = postSolution
		SolutionGuid = {D3DA6547-A63A-4302-8C04-496855025DB9}
	EndGlobalSection
EndGlobal
