
Microsoft Visual Studio Solution File, Format Version 9.00
# Visual Studio 2005
Project("{8BC9CEB8-8B4A-11D0-8D11-00A0C91BC942}") = "FWLDHapticSample", "FWLDHapticSample.vcproj", "{D4774A59-9FAF-4596-8910-6F57550DD8AD}"
	ProjectSection(ProjectDependencies) = postProject
		{5819AD04-44BD-4CEF-AFDE-2CC736FE9C23} = {5819AD04-44BD-4CEF-AFDE-2CC736FE9C23}
		{CF3D6805-D975-4D96-8636-42DA78D4E104} = {CF3D6805-D975-4D96-8636-42DA78D4E104}
		{FA052413-2417-49EE-9387-5BB7B17CF9F4} = {FA052413-2417-49EE-9387-5BB7B17CF9F4}
		{5DD6484B-A722-48B0-91B8-63271D2B41FF} = {5DD6484B-A722-48B0-91B8-63271D2B41FF}
		{27277A70-7BC9-465B-9480-52B418E62A5A} = {27277A70-7BC9-465B-9480-52B418E62A5A}
		{E7E0348E-6104-4B0D-8A5B-0362278903B7} = {E7E0348E-6104-4B0D-8A5B-0362278903B7}
		{0A28B08E-61A4-430B-8FFC-1DD02F479A5D} = {0A28B08E-61A4-430B-8FFC-1DD02F479A5D}
		{82F477C4-0098-4918-958D-AA162F567C42} = {82F477C4-0098-4918-958D-AA162F567C42}
	EndProjectSection
EndProject
Project("{8BC9CEB8-8B4A-11D0-8D11-00A0C91BC942}") = "Base", "..\..\..\Base\Base8.vcproj", "{82F477C4-0098-4918-958D-AA162F567C42}"
EndProject
Project("{8BC9CEB8-8B4A-11D0-8D11-00A0C91BC942}") = "Collision", "..\..\..\Collision\Collision8.vcproj", "{CF3D6805-D975-4D96-8636-42DA78D4E104}"
EndProject
Project("{8BC9CEB8-8B4A-11D0-8D11-00A0C91BC942}") = "FileIO", "..\..\..\FileIO\FileIO8.vcproj", "{27277A70-7BC9-465B-9480-52B418E62A5A}"
EndProject
Project("{8BC9CEB8-8B4A-11D0-8D11-00A0C91BC942}") = "Foundation", "..\..\..\Foundation\Foundation8.vcproj", "{5DD6484B-A722-48B0-91B8-63271D2B41FF}"
EndProject
Project("{8BC9CEB8-8B4A-11D0-8D11-00A0C91BC942}") = "Framework", "..\..\..\Framework\Framework8.vcproj", "{E7E0348E-6104-4B0D-8A5B-0362278903B7}"
EndProject
Project("{8BC9CEB8-8B4A-11D0-8D11-00A0C91BC942}") = "Graphics", "..\..\..\Graphics\Graphics8.vcproj", "{5819AD04-44BD-4CEF-AFDE-2CC736FE9C23}"
EndProject
Project("{8BC9CEB8-8B4A-11D0-8D11-00A0C91BC942}") = "HumanInterface", "..\..\..\HumanInterface\HumanInterface8.vcproj", "{0A28B08E-61A4-430B-8FFC-1DD02F479A5D}"
EndProject
Project("{8BC9CEB8-8B4A-11D0-8D11-00A0C91BC942}") = "Physics", "..\..\..\Physics\Physics8.vcproj", "{FA052413-2417-49EE-9387-5BB7B17CF9F4}"
EndProject
Global
	GlobalSection(SolutionConfigurationPlatforms) = preSolution
		Debug|Win32 = Debug|Win32
		Release|Win32 = Release|Win32
	EndGlobalSection
	GlobalSection(ProjectConfigurationPlatforms) = postSolution
		{D4774A59-9FAF-4596-8910-6F57550DD8AD}.Debug|Win32.ActiveCfg = Debug|Win32
		{D4774A59-9FAF-4596-8910-6F57550DD8AD}.Debug|Win32.Build.0 = Debug|Win32
		{D4774A59-9FAF-4596-8910-6F57550DD8AD}.Release|Win32.ActiveCfg = Release|Win32
		{D4774A59-9FAF-4596-8910-6F57550DD8AD}.Release|Win32.Build.0 = Release|Win32
		{82F477C4-0098-4918-958D-AA162F567C42}.Debug|Win32.ActiveCfg = Debug|Win32
		{82F477C4-0098-4918-958D-AA162F567C42}.Debug|Win32.Build.0 = Debug|Win32
		{82F477C4-0098-4918-958D-AA162F567C42}.Release|Win32.ActiveCfg = Release|Win32
		{82F477C4-0098-4918-958D-AA162F567C42}.Release|Win32.Build.0 = Release|Win32
		{CF3D6805-D975-4D96-8636-42DA78D4E104}.Debug|Win32.ActiveCfg = Debug|Win32
		{CF3D6805-D975-4D96-8636-42DA78D4E104}.Debug|Win32.Build.0 = Debug|Win32
		{CF3D6805-D975-4D96-8636-42DA78D4E104}.Release|Win32.ActiveCfg = Release|Win32
		{CF3D6805-D975-4D96-8636-42DA78D4E104}.Release|Win32.Build.0 = Release|Win32
		{27277A70-7BC9-465B-9480-52B418E62A5A}.Debug|Win32.ActiveCfg = Debug|Win32
		{27277A70-7BC9-465B-9480-52B418E62A5A}.Debug|Win32.Build.0 = Debug|Win32
		{27277A70-7BC9-465B-9480-52B418E62A5A}.Release|Win32.ActiveCfg = Release|Win32
		{27277A70-7BC9-465B-9480-52B418E62A5A}.Release|Win32.Build.0 = Release|Win32
		{5DD6484B-A722-48B0-91B8-63271D2B41FF}.Debug|Win32.ActiveCfg = Debug|Win32
		{5DD6484B-A722-48B0-91B8-63271D2B41FF}.Debug|Win32.Build.0 = Debug|Win32
		{5DD6484B-A722-48B0-91B8-63271D2B41FF}.Release|Win32.ActiveCfg = Release|Win32
		{5DD6484B-A722-48B0-91B8-63271D2B41FF}.Release|Win32.Build.0 = Release|Win32
		{E7E0348E-6104-4B0D-8A5B-0362278903B7}.Debug|Win32.ActiveCfg = Debug|Win32
		{E7E0348E-6104-4B0D-8A5B-0362278903B7}.Debug|Win32.Build.0 = Debug|Win32
		{E7E0348E-6104-4B0D-8A5B-0362278903B7}.Release|Win32.ActiveCfg = Release|Win32
		{E7E0348E-6104-4B0D-8A5B-0362278903B7}.Release|Win32.Build.0 = Release|Win32
		{5819AD04-44BD-4CEF-AFDE-2CC736FE9C23}.Debug|Win32.ActiveCfg = Debug|Win32
		{5819AD04-44BD-4CEF-AFDE-2CC736FE9C23}.Debug|Win32.Build.0 = Debug|Win32
		{5819AD04-44BD-4CEF-AFDE-2CC736FE9C23}.Release|Win32.ActiveCfg = Release|Win32
		{5819AD04-44BD-4CEF-AFDE-2CC736FE9C23}.Release|Win32.Build.0 = Release|Win32
		{0A28B08E-61A4-430B-8FFC-1DD02F479A5D}.Debug|Win32.ActiveCfg = Debug|Win32
		{0A28B08E-61A4-430B-8FFC-1DD02F479A5D}.Debug|Win32.Build.0 = Debug|Win32
		{0A28B08E-61A4-430B-8FFC-1DD02F479A5D}.Release|Win32.ActiveCfg = Release|Win32
		{0A28B08E-61A4-430B-8FFC-1DD02F479A5D}.Release|Win32.Build.0 = Release|Win32
		{FA052413-2417-49EE-9387-5BB7B17CF9F4}.Debug|Win32.ActiveCfg = Debug|Win32
		{FA052413-2417-49EE-9387-5BB7B17CF9F4}.Debug|Win32.Build.0 = Debug|Win32
		{FA052413-2417-49EE-9387-5BB7B17CF9F4}.Release|Win32.ActiveCfg = Release|Win32
		{FA052413-2417-49EE-9387-5BB7B17CF9F4}.Release|Win32.Build.0 = Release|Win32
	EndGlobalSection
	GlobalSection(SolutionProperties) = preSolution
		HideSolutionNode = FALSE
	EndGlobalSection
EndGlobal
