<?xml version="1.0" encoding="utf-8"?>
<Project ToolsVersion="4.0" xmlns="http://schemas.microsoft.com/developer/msbuild/2003">
  <ItemGroup>
    <None Include="CSharpSwig.bat" />
    <None Include="Makefile.RunSwig_CSharp" />
    <None Include="ReplaceInclude.py" />
    <None Include="RunSwig_Clean.bat" />
    <None Include="RunSwig_CSharp.bat" />
  </ItemGroup>
</Project>