
Microsoft Visual Studio Solution File, Format Version 12.00
# Visual Studio 14
VisualStudioVersion = 14.0.25123.0
MinimumVisualStudioVersion = 10.0.40219.1
Project("{2150E333-8FDC-42A3-9474-1A3956D46DE8}") = "_Lib", "_Lib", "{88ECCD0A-B6B6-480A-A608-44618134D682}"
EndProject
Project("{8BC9CEB8-8B4A-11D0-8D11-00A0C91BC942}") = "Base", "..\Base\Base14.0.vcxproj", "{90010CD8-7C45-481E-8697-AAB9B3FB9E4F}"
EndProject
Project("{8BC9CEB8-8B4A-11D0-8D11-00A0C91BC942}") = "Collision", "..\Collision\Collision14.0.vcxproj", "{8C62959E-9E67-4439-836E-25BE57501463}"
EndProject
Project("{8BC9CEB8-8B4A-11D0-8D11-00A0C91BC942}") = "FileIO", "..\FileIO\FileIO14.0.vcxproj", "{3CA4689D-77DA-4B2E-A718-CBB6A8FF04D7}"
EndProject
Project("{8BC9CEB8-8B4A-11D0-8D11-00A0C91BC942}") = "Foundation", "..\Foundation\Foundation14.0.vcxproj", "{916BF063-5A94-4652-B355-62220EF17768}"
EndProject
Project("{8BC9CEB8-8B4A-11D0-8D11-00A0C91BC942}") = "Framework", "..\Framework\Framework14.0.vcxproj", "{755660BE-3B1E-416B-B795-4F653C83A43A}"
EndProject
Project("{8BC9CEB8-8B4A-11D0-8D11-00A0C91BC942}") = "Graphics", "..\Graphics\Graphics14.0.vcxproj", "{A339C0CA-D5FB-4DFA-9BCF-826739790653}"
EndProject
Project("{8BC9CEB8-8B4A-11D0-8D11-00A0C91BC942}") = "HumanInterface", "..\HumanInterface\HumanInterface14.0.vcxproj", "{05138F41-5673-4E19-A5C7-2A684488B23A}"
EndProject
Project("{8BC9CEB8-8B4A-11D0-8D11-00A0C91BC942}") = "Physics", "..\Physics\Physics14.0.vcxproj", "{A2B91F83-DF0A-473D-9C3B-059673CD2046}"
EndProject
Project("{8BC9CEB8-8B4A-11D0-8D11-00A0C91BC942}") = "RunSwig", "..\RunSwig\RunSwig14.0.vcxproj", "{4AC6C708-19C9-4CC1-A25B-D9682470411E}"
EndProject
Project("{2150E333-8FDC-42A3-9474-1A3956D46DE8}") = "Base", "Base", "{428410AC-D24D-432C-B6D0-6F803F84B119}"
EndProject
Project("{8BC9CEB8-8B4A-11D0-8D11-00A0C91BC942}") = "Quaternion", "Base\Quaternion\Quaternion14.0.vcxproj", "{016EC61B-CBDC-4DBC-8CFC-EC65767FC60E}"
EndProject
Project("{2150E333-8FDC-42A3-9474-1A3956D46DE8}") = "Collision", "Collision", "{71BD20EA-8CD9-42EB-8E75-65DEAB71278B}"
EndProject
Project("{8BC9CEB8-8B4A-11D0-8D11-00A0C91BC942}") = "CDContGJK", "Collision\CDContGJK\CDContGJK14.0.vcxproj", "{66F8889C-D7C5-430F-9C8A-46070910630D}"
EndProject
Project("{8BC9CEB8-8B4A-11D0-8D11-00A0C91BC942}") = "CDShape", "Collision\CDShape\CDShape14.0.vcxproj", "{B26E3D7F-8814-4485-97FF-DBB0D7C57423}"
EndProject
Project("{8BC9CEB8-8B4A-11D0-8D11-00A0C91BC942}") = "QuickHull2D", "Collision\QuickHull2D\QuickHull2D14.0.vcxproj", "{0875147A-2FCE-465B-8CA2-0513B18DACBD}"
EndProject
Project("{2150E333-8FDC-42A3-9474-1A3956D46DE8}") = "FileIO", "FileIO", "{B667ECCF-C7B6-4B9D-AFE0-3A17F625DDC2}"
EndProject
Project("{8BC9CEB8-8B4A-11D0-8D11-00A0C91BC942}") = "FICollada", "FileIO\FICollada\FICollada14.0.vcxproj", "{971BA09C-C00A-4194-AD27-6B6F9E8093BA}"
EndProject
Project("{8BC9CEB8-8B4A-11D0-8D11-00A0C91BC942}") = "FIImport", "FileIO\FIImport\FIImport14.0.vcxproj", "{58F2EAC5-13C6-44C7-882D-BA9694CA6628}"
EndProject
Project("{8BC9CEB8-8B4A-11D0-8D11-00A0C91BC942}") = "FILoader", "FileIO\FILoader\FILoader14.0.vcxproj", "{CD5CA53A-4DBD-49F4-9FC2-DB9A0D7F3C84}"
EndProject
Project("{8BC9CEB8-8B4A-11D0-8D11-00A0C91BC942}") = "FILoadGRScene", "FileIO\FILoadGRScene\FILoadGRScene14.0.vcxproj", "{C0999144-36F2-44B8-B7C8-6E6054C1ADA0}"
EndProject
Project("{8BC9CEB8-8B4A-11D0-8D11-00A0C91BC942}") = "FILoadMesh", "FileIO\FILoadMesh\FILoadMesh14.0.vcxproj", "{CFD01360-15FD-4A69-8231-C982DC64B29A}"
EndProject
Project("{2150E333-8FDC-42A3-9474-1A3956D46DE8}") = "Foundation", "Foundation", "{E3D00934-DA10-4EC9-BA90-A1CF71A41AE5}"
EndProject
Project("{8BC9CEB8-8B4A-11D0-8D11-00A0C91BC942}") = "Cast", "Foundation\Cast\Cast14.0.vcxproj", "{868EED3F-4EE0-4B3D-8D79-FCA1A910460B}"
EndProject
Project("{8BC9CEB8-8B4A-11D0-8D11-00A0C91BC942}") = "Timer", "Foundation\Timer\Timer14.0.vcxproj", "{A160746E-955F-4754-8175-717BAE6116E9}"
EndProject
Project("{2150E333-8FDC-42A3-9474-1A3956D46DE8}") = "Framework", "Framework", "{87B9F30B-B523-40D0-B103-0A355DE57A9C}"
EndProject
Project("{8BC9CEB8-8B4A-11D0-8D11-00A0C91BC942}") = "FWAppBoxStack", "Framework\FWAppBoxStack\FWAppBoxStack14.0.vcxproj", "{3C304055-D49F-48DC-9C5D-D08538A8A6A5}"
EndProject
Project("{8BC9CEB8-8B4A-11D0-8D11-00A0C91BC942}") = "FWAppDXTest", "Framework\FWAppDXTest\FWAppDXTest14.0.vcxproj", "{F942C86E-A104-46F4-8E50-DC1B6A4D1FF9}"
EndProject
Project("{8BC9CEB8-8B4A-11D0-8D11-00A0C91BC942}") = "FWAppGLtest", "Framework\FWAppGLtest\FWAppGLtest14.0.vcxproj", "{5F363A63-D199-437B-B620-158B15B7F244}"
EndProject
Project("{8BC9CEB8-8B4A-11D0-8D11-00A0C91BC942}") = "FWAppMultiWinTest", "Framework\FWAppMultiWinTest\FWAppMultiWinTest14.0.vcxproj", "{3A737F82-4D0A-4FDB-90CF-D9E6E4F22132}"
EndProject
Project("{2150E333-8FDC-42A3-9474-1A3956D46DE8}") = "Graphics", "Graphics", "{DCA66997-9360-4ED0-823C-E93A1301F723}"
EndProject
Project("{8BC9CEB8-8B4A-11D0-8D11-00A0C91BC942}") = "GRColorSpheres", "Graphics\GRColorSpheres\GRColorSpheres14.0.vcxproj", "{2F72235B-0FBD-463D-8FBE-FD2548F69F88}"
EndProject
Project("{8BC9CEB8-8B4A-11D0-8D11-00A0C91BC942}") = "GRSimple", "Graphics\GRSimple\GRSimple14.0.vcxproj", "{B0F73CA2-1653-4D13-B257-57F515871783}"
EndProject
Project("{8BC9CEB8-8B4A-11D0-8D11-00A0C91BC942}") = "GRVertrexBlending", "Graphics\GRVertrexBlending\GRVertrexBlending14.0.vcxproj", "{5E9D7EA7-0E16-4779-B46D-B7D0FC107F89}"
EndProject
Project("{2150E333-8FDC-42A3-9474-1A3956D46DE8}") = "GraphicsD3D", "GraphicsD3D", "{F8628F0D-78D2-41AA-8ABD-1059C136F546}"
EndProject
Project("{8BC9CEB8-8B4A-11D0-8D11-00A0C91BC942}") = "GRD3DLoadMesh", "GraphicsD3D\GRD3DLoadMesh\GRD3DLoadMesh14.0.vcxproj", "{ADC47E2F-1B88-4823-9325-CE33581EB11E}"
EndProject
Project("{2150E333-8FDC-42A3-9474-1A3956D46DE8}") = "HumanInterface", "HumanInterface", "{A707909D-8812-4296-BA9A-DE1131C6BA15}"
EndProject
Project("{8BC9CEB8-8B4A-11D0-8D11-00A0C91BC942}") = "KeyMouse", "HumanInterface\KeyMouse\KeyMouse14.0.vcxproj", "{362E4AF6-F383-4926-8B36-FEEB8386DC21}"
EndProject
Project("{2150E333-8FDC-42A3-9474-1A3956D46DE8}") = "Physics", "Physics", "{2CF62D45-EA01-4E65-BA4E-78FC695B841C}"
EndProject
Project("{8BC9CEB8-8B4A-11D0-8D11-00A0C91BC942}") = "PHConstraintTest", "Physics\PHConstraintTest\PHConstraintTest14.0.vcxproj", "{8F2CC0EC-7EE7-4E0D-9F3C-ECB04A52B3A2}"
EndProject
Project("{8BC9CEB8-8B4A-11D0-8D11-00A0C91BC942}") = "PHPenaltyTest", "Physics\PHPenaltyTest\PHPenaltyTest14.0.vcxproj", "{0683F6A5-3E93-44D7-A0AF-916D6EF86E9A}"
EndProject
Project("{8BC9CEB8-8B4A-11D0-8D11-00A0C91BC942}") = "PHShape", "Physics\PHShape\PHShape14.0.vcxproj", "{1DD9019D-62B1-4A06-BFF2-FEAB4F11A6B5}"
EndProject
Project("{8BC9CEB8-8B4A-11D0-8D11-00A0C91BC942}") = "PHShapeGL", "Physics\PHShapeGL\PHShapeGL14.0.vcxproj", "{AF6162E5-6AE3-441D-8CD6-AB863C21BCD7}"
EndProject
Project("{8BC9CEB8-8B4A-11D0-8D11-00A0C91BC942}") = "PHSimple", "Physics\PHSimple\PHSimple14.0.vcxproj", "{632FC8C9-3684-44E2-93EA-C82D60C433E0}"
EndProject
Project("{8BC9CEB8-8B4A-11D0-8D11-00A0C91BC942}") = "PHSimpleGL", "Physics\PHSimpleGL\PHSimpleGL14.0.vcxproj", "{3F933A4A-9235-4CAF-BF0D-84073B37EB40}"
EndProject
Global
	GlobalSection(SolutionConfigurationPlatforms) = preSolution
		Debug|Win32 = Debug|Win32
		Debug|x64 = Debug|x64
		Release|Win32 = Release|Win32
		Release|x64 = Release|x64
		Trace|Win32 = Trace|Win32
		Trace|x64 = Trace|x64
	EndGlobalSection
	GlobalSection(ProjectConfigurationPlatforms) = postSolution
		{90010CD8-7C45-481E-8697-AAB9B3FB9E4F}.Debug|Win32.ActiveCfg = Debug|Win32
		{90010CD8-7C45-481E-8697-AAB9B3FB9E4F}.Debug|Win32.Build.0 = Debug|Win32
		{90010CD8-7C45-481E-8697-AAB9B3FB9E4F}.Debug|x64.ActiveCfg = Debug|x64
		{90010CD8-7C45-481E-8697-AAB9B3FB9E4F}.Debug|x64.Build.0 = Debug|x64
		{90010CD8-7C45-481E-8697-AAB9B3FB9E4F}.Release|Win32.ActiveCfg = Release|Win32
		{90010CD8-7C45-481E-8697-AAB9B3FB9E4F}.Release|Win32.Build.0 = Release|Win32
		{90010CD8-7C45-481E-8697-AAB9B3FB9E4F}.Release|x64.ActiveCfg = Release|x64
		{90010CD8-7C45-481E-8697-AAB9B3FB9E4F}.Release|x64.Build.0 = Release|x64
		{90010CD8-7C45-481E-8697-AAB9B3FB9E4F}.Trace|Win32.ActiveCfg = Trace|Win32
		{90010CD8-7C45-481E-8697-AAB9B3FB9E4F}.Trace|Win32.Build.0 = Trace|Win32
		{90010CD8-7C45-481E-8697-AAB9B3FB9E4F}.Trace|x64.ActiveCfg = Trace|x64
		{90010CD8-7C45-481E-8697-AAB9B3FB9E4F}.Trace|x64.Build.0 = Trace|x64
		{8C62959E-9E67-4439-836E-25BE57501463}.Debug|Win32.ActiveCfg = Debug|Win32
		{8C62959E-9E67-4439-836E-25BE57501463}.Debug|Win32.Build.0 = Debug|Win32
		{8C62959E-9E67-4439-836E-25BE57501463}.Debug|x64.ActiveCfg = Debug|x64
		{8C62959E-9E67-4439-836E-25BE57501463}.Debug|x64.Build.0 = Debug|x64
		{8C62959E-9E67-4439-836E-25BE57501463}.Release|Win32.ActiveCfg = Release|Win32
		{8C62959E-9E67-4439-836E-25BE57501463}.Release|Win32.Build.0 = Release|Win32
		{8C62959E-9E67-4439-836E-25BE57501463}.Release|x64.ActiveCfg = Release|x64
		{8C62959E-9E67-4439-836E-25BE57501463}.Release|x64.Build.0 = Release|x64
		{8C62959E-9E67-4439-836E-25BE57501463}.Trace|Win32.ActiveCfg = Trace|Win32
		{8C62959E-9E67-4439-836E-25BE57501463}.Trace|Win32.Build.0 = Trace|Win32
		{8C62959E-9E67-4439-836E-25BE57501463}.Trace|x64.ActiveCfg = Trace|x64
		{8C62959E-9E67-4439-836E-25BE57501463}.Trace|x64.Build.0 = Trace|x64
		{3CA4689D-77DA-4B2E-A718-CBB6A8FF04D7}.Debug|Win32.ActiveCfg = Debug|Win32
		{3CA4689D-77DA-4B2E-A718-CBB6A8FF04D7}.Debug|Win32.Build.0 = Debug|Win32
		{3CA4689D-77DA-4B2E-A718-CBB6A8FF04D7}.Debug|x64.ActiveCfg = Debug|x64
		{3CA4689D-77DA-4B2E-A718-CBB6A8FF04D7}.Debug|x64.Build.0 = Debug|x64
		{3CA4689D-77DA-4B2E-A718-CBB6A8FF04D7}.Release|Win32.ActiveCfg = Release|Win32
		{3CA4689D-77DA-4B2E-A718-CBB6A8FF04D7}.Release|Win32.Build.0 = Release|Win32
		{3CA4689D-77DA-4B2E-A718-CBB6A8FF04D7}.Release|x64.ActiveCfg = Release|x64
		{3CA4689D-77DA-4B2E-A718-CBB6A8FF04D7}.Release|x64.Build.0 = Release|x64
		{3CA4689D-77DA-4B2E-A718-CBB6A8FF04D7}.Trace|Win32.ActiveCfg = Trace|Win32
		{3CA4689D-77DA-4B2E-A718-CBB6A8FF04D7}.Trace|Win32.Build.0 = Trace|Win32
		{3CA4689D-77DA-4B2E-A718-CBB6A8FF04D7}.Trace|x64.ActiveCfg = Trace|x64
		{3CA4689D-77DA-4B2E-A718-CBB6A8FF04D7}.Trace|x64.Build.0 = Trace|x64
		{916BF063-5A94-4652-B355-62220EF17768}.Debug|Win32.ActiveCfg = Debug|Win32
		{916BF063-5A94-4652-B355-62220EF17768}.Debug|Win32.Build.0 = Debug|Win32
		{916BF063-5A94-4652-B355-62220EF17768}.Debug|x64.ActiveCfg = Debug|x64
		{916BF063-5A94-4652-B355-62220EF17768}.Debug|x64.Build.0 = Debug|x64
		{916BF063-5A94-4652-B355-62220EF17768}.Release|Win32.ActiveCfg = Release|Win32
		{916BF063-5A94-4652-B355-62220EF17768}.Release|Win32.Build.0 = Release|Win32
		{916BF063-5A94-4652-B355-62220EF17768}.Release|x64.ActiveCfg = Release|x64
		{916BF063-5A94-4652-B355-62220EF17768}.Release|x64.Build.0 = Release|x64
		{916BF063-5A94-4652-B355-62220EF17768}.Trace|Win32.ActiveCfg = Trace|Win32
		{916BF063-5A94-4652-B355-62220EF17768}.Trace|Win32.Build.0 = Trace|Win32
		{916BF063-5A94-4652-B355-62220EF17768}.Trace|x64.ActiveCfg = Trace|x64
		{916BF063-5A94-4652-B355-62220EF17768}.Trace|x64.Build.0 = Trace|x64
		{755660BE-3B1E-416B-B795-4F653C83A43A}.Debug|Win32.ActiveCfg = Debug|Win32
		{755660BE-3B1E-416B-B795-4F653C83A43A}.Debug|Win32.Build.0 = Debug|Win32
		{755660BE-3B1E-416B-B795-4F653C83A43A}.Debug|x64.ActiveCfg = Debug|x64
		{755660BE-3B1E-416B-B795-4F653C83A43A}.Debug|x64.Build.0 = Debug|x64
		{755660BE-3B1E-416B-B795-4F653C83A43A}.Release|Win32.ActiveCfg = Release|Win32
		{755660BE-3B1E-416B-B795-4F653C83A43A}.Release|Win32.Build.0 = Release|Win32
		{755660BE-3B1E-416B-B795-4F653C83A43A}.Release|x64.ActiveCfg = Release|x64
		{755660BE-3B1E-416B-B795-4F653C83A43A}.Release|x64.Build.0 = Release|x64
		{755660BE-3B1E-416B-B795-4F653C83A43A}.Trace|Win32.ActiveCfg = Trace|Win32
		{755660BE-3B1E-416B-B795-4F653C83A43A}.Trace|Win32.Build.0 = Trace|Win32
		{755660BE-3B1E-416B-B795-4F653C83A43A}.Trace|x64.ActiveCfg = Trace|x64
		{755660BE-3B1E-416B-B795-4F653C83A43A}.Trace|x64.Build.0 = Trace|x64
		{A339C0CA-D5FB-4DFA-9BCF-826739790653}.Debug|Win32.ActiveCfg = Debug|Win32
		{A339C0CA-D5FB-4DFA-9BCF-826739790653}.Debug|Win32.Build.0 = Debug|Win32
		{A339C0CA-D5FB-4DFA-9BCF-826739790653}.Debug|x64.ActiveCfg = Debug|x64
		{A339C0CA-D5FB-4DFA-9BCF-826739790653}.Debug|x64.Build.0 = Debug|x64
		{A339C0CA-D5FB-4DFA-9BCF-826739790653}.Release|Win32.ActiveCfg = Release|Win32
		{A339C0CA-D5FB-4DFA-9BCF-826739790653}.Release|Win32.Build.0 = Release|Win32
		{A339C0CA-D5FB-4DFA-9BCF-826739790653}.Release|x64.ActiveCfg = Release|x64
		{A339C0CA-D5FB-4DFA-9BCF-826739790653}.Release|x64.Build.0 = Release|x64
		{A339C0CA-D5FB-4DFA-9BCF-826739790653}.Trace|Win32.ActiveCfg = Trace|Win32
		{A339C0CA-D5FB-4DFA-9BCF-826739790653}.Trace|Win32.Build.0 = Trace|Win32
		{A339C0CA-D5FB-4DFA-9BCF-826739790653}.Trace|x64.ActiveCfg = Trace|x64
		{A339C0CA-D5FB-4DFA-9BCF-826739790653}.Trace|x64.Build.0 = Trace|x64
		{05138F41-5673-4E19-A5C7-2A684488B23A}.Debug|Win32.ActiveCfg = Debug|Win32
		{05138F41-5673-4E19-A5C7-2A684488B23A}.Debug|Win32.Build.0 = Debug|Win32
		{05138F41-5673-4E19-A5C7-2A684488B23A}.Debug|x64.ActiveCfg = Debug|x64
		{05138F41-5673-4E19-A5C7-2A684488B23A}.Debug|x64.Build.0 = Debug|x64
		{05138F41-5673-4E19-A5C7-2A684488B23A}.Release|Win32.ActiveCfg = Release|Win32
		{05138F41-5673-4E19-A5C7-2A684488B23A}.Release|Win32.Build.0 = Release|Win32
		{05138F41-5673-4E19-A5C7-2A684488B23A}.Release|x64.ActiveCfg = Release|x64
		{05138F41-5673-4E19-A5C7-2A684488B23A}.Release|x64.Build.0 = Release|x64
		{05138F41-5673-4E19-A5C7-2A684488B23A}.Trace|Win32.ActiveCfg = Trace|Win32
		{05138F41-5673-4E19-A5C7-2A684488B23A}.Trace|Win32.Build.0 = Trace|Win32
		{05138F41-5673-4E19-A5C7-2A684488B23A}.Trace|x64.ActiveCfg = Trace|x64
		{05138F41-5673-4E19-A5C7-2A684488B23A}.Trace|x64.Build.0 = Trace|x64
		{A2B91F83-DF0A-473D-9C3B-059673CD2046}.Debug|Win32.ActiveCfg = Debug|Win32
		{A2B91F83-DF0A-473D-9C3B-059673CD2046}.Debug|Win32.Build.0 = Debug|Win32
		{A2B91F83-DF0A-473D-9C3B-059673CD2046}.Debug|x64.ActiveCfg = Debug|x64
		{A2B91F83-DF0A-473D-9C3B-059673CD2046}.Debug|x64.Build.0 = Debug|x64
		{A2B91F83-DF0A-473D-9C3B-059673CD2046}.Release|Win32.ActiveCfg = Release|Win32
		{A2B91F83-DF0A-473D-9C3B-059673CD2046}.Release|Win32.Build.0 = Release|Win32
		{A2B91F83-DF0A-473D-9C3B-059673CD2046}.Release|x64.ActiveCfg = Release|x64
		{A2B91F83-DF0A-473D-9C3B-059673CD2046}.Release|x64.Build.0 = Release|x64
		{A2B91F83-DF0A-473D-9C3B-059673CD2046}.Trace|Win32.ActiveCfg = Trace|Win32
		{A2B91F83-DF0A-473D-9C3B-059673CD2046}.Trace|Win32.Build.0 = Trace|Win32
		{A2B91F83-DF0A-473D-9C3B-059673CD2046}.Trace|x64.ActiveCfg = Trace|x64
		{A2B91F83-DF0A-473D-9C3B-059673CD2046}.Trace|x64.Build.0 = Trace|x64
		{4AC6C708-19C9-4CC1-A25B-D9682470411E}.Debug|Win32.ActiveCfg = Debug|Win32
		{4AC6C708-19C9-4CC1-A25B-D9682470411E}.Debug|Win32.Build.0 = Debug|Win32
		{4AC6C708-19C9-4CC1-A25B-D9682470411E}.Debug|x64.ActiveCfg = Debug|x64
		{4AC6C708-19C9-4CC1-A25B-D9682470411E}.Debug|x64.Build.0 = Debug|x64
		{4AC6C708-19C9-4CC1-A25B-D9682470411E}.Release|Win32.ActiveCfg = Release|Win32
		{4AC6C708-19C9-4CC1-A25B-D9682470411E}.Release|Win32.Build.0 = Release|Win32
		{4AC6C708-19C9-4CC1-A25B-D9682470411E}.Release|x64.ActiveCfg = Release|x64
		{4AC6C708-19C9-4CC1-A25B-D9682470411E}.Release|x64.Build.0 = Release|x64
		{4AC6C708-19C9-4CC1-A25B-D9682470411E}.Trace|Win32.ActiveCfg = Trace|Win32
		{4AC6C708-19C9-4CC1-A25B-D9682470411E}.Trace|Win32.Build.0 = Trace|Win32
		{4AC6C708-19C9-4CC1-A25B-D9682470411E}.Trace|x64.ActiveCfg = Trace|x64
		{4AC6C708-19C9-4CC1-A25B-D9682470411E}.Trace|x64.Build.0 = Trace|x64
		{016EC61B-CBDC-4DBC-8CFC-EC65767FC60E}.Debug|Win32.ActiveCfg = Debug|Win32
		{016EC61B-CBDC-4DBC-8CFC-EC65767FC60E}.Debug|Win32.Build.0 = Debug|Win32
		{016EC61B-CBDC-4DBC-8CFC-EC65767FC60E}.Debug|x64.ActiveCfg = Debug|x64
		{016EC61B-CBDC-4DBC-8CFC-EC65767FC60E}.Debug|x64.Build.0 = Debug|x64
		{016EC61B-CBDC-4DBC-8CFC-EC65767FC60E}.Release|Win32.ActiveCfg = Release|Win32
		{016EC61B-CBDC-4DBC-8CFC-EC65767FC60E}.Release|Win32.Build.0 = Release|Win32
		{016EC61B-CBDC-4DBC-8CFC-EC65767FC60E}.Release|x64.ActiveCfg = Release|x64
		{016EC61B-CBDC-4DBC-8CFC-EC65767FC60E}.Release|x64.Build.0 = Release|x64
		{016EC61B-CBDC-4DBC-8CFC-EC65767FC60E}.Trace|Win32.ActiveCfg = Trace|Win32
		{016EC61B-CBDC-4DBC-8CFC-EC65767FC60E}.Trace|Win32.Build.0 = Trace|Win32
		{016EC61B-CBDC-4DBC-8CFC-EC65767FC60E}.Trace|x64.ActiveCfg = Trace|x64
		{016EC61B-CBDC-4DBC-8CFC-EC65767FC60E}.Trace|x64.Build.0 = Trace|x64
		{66F8889C-D7C5-430F-9C8A-46070910630D}.Debug|Win32.ActiveCfg = Debug|Win32
		{66F8889C-D7C5-430F-9C8A-46070910630D}.Debug|Win32.Build.0 = Debug|Win32
		{66F8889C-D7C5-430F-9C8A-46070910630D}.Debug|x64.ActiveCfg = Debug|x64
		{66F8889C-D7C5-430F-9C8A-46070910630D}.Debug|x64.Build.0 = Debug|x64
		{66F8889C-D7C5-430F-9C8A-46070910630D}.Release|Win32.ActiveCfg = Release|Win32
		{66F8889C-D7C5-430F-9C8A-46070910630D}.Release|Win32.Build.0 = Release|Win32
		{66F8889C-D7C5-430F-9C8A-46070910630D}.Release|x64.ActiveCfg = Release|x64
		{66F8889C-D7C5-430F-9C8A-46070910630D}.Release|x64.Build.0 = Release|x64
		{66F8889C-D7C5-430F-9C8A-46070910630D}.Trace|Win32.ActiveCfg = Trace|Win32
		{66F8889C-D7C5-430F-9C8A-46070910630D}.Trace|Win32.Build.0 = Trace|Win32
		{66F8889C-D7C5-430F-9C8A-46070910630D}.Trace|x64.ActiveCfg = Trace|x64
		{66F8889C-D7C5-430F-9C8A-46070910630D}.Trace|x64.Build.0 = Trace|x64
		{B26E3D7F-8814-4485-97FF-DBB0D7C57423}.Debug|Win32.ActiveCfg = Debug|Win32
		{B26E3D7F-8814-4485-97FF-DBB0D7C57423}.Debug|Win32.Build.0 = Debug|Win32
		{B26E3D7F-8814-4485-97FF-DBB0D7C57423}.Debug|x64.ActiveCfg = Debug|x64
		{B26E3D7F-8814-4485-97FF-DBB0D7C57423}.Debug|x64.Build.0 = Debug|x64
		{B26E3D7F-8814-4485-97FF-DBB0D7C57423}.Release|Win32.ActiveCfg = Release|Win32
		{B26E3D7F-8814-4485-97FF-DBB0D7C57423}.Release|Win32.Build.0 = Release|Win32
		{B26E3D7F-8814-4485-97FF-DBB0D7C57423}.Release|x64.ActiveCfg = Release|x64
		{B26E3D7F-8814-4485-97FF-DBB0D7C57423}.Release|x64.Build.0 = Release|x64
		{B26E3D7F-8814-4485-97FF-DBB0D7C57423}.Trace|Win32.ActiveCfg = Trace|Win32
		{B26E3D7F-8814-4485-97FF-DBB0D7C57423}.Trace|Win32.Build.0 = Trace|Win32
		{B26E3D7F-8814-4485-97FF-DBB0D7C57423}.Trace|x64.ActiveCfg = Trace|x64
		{B26E3D7F-8814-4485-97FF-DBB0D7C57423}.Trace|x64.Build.0 = Trace|x64
		{0875147A-2FCE-465B-8CA2-0513B18DACBD}.Debug|Win32.ActiveCfg = Debug|Win32
		{0875147A-2FCE-465B-8CA2-0513B18DACBD}.Debug|Win32.Build.0 = Debug|Win32
		{0875147A-2FCE-465B-8CA2-0513B18DACBD}.Debug|x64.ActiveCfg = Debug|x64
		{0875147A-2FCE-465B-8CA2-0513B18DACBD}.Debug|x64.Build.0 = Debug|x64
		{0875147A-2FCE-465B-8CA2-0513B18DACBD}.Release|Win32.ActiveCfg = Release|Win32
		{0875147A-2FCE-465B-8CA2-0513B18DACBD}.Release|Win32.Build.0 = Release|Win32
		{0875147A-2FCE-465B-8CA2-0513B18DACBD}.Release|x64.ActiveCfg = Release|x64
		{0875147A-2FCE-465B-8CA2-0513B18DACBD}.Release|x64.Build.0 = Release|x64
		{0875147A-2FCE-465B-8CA2-0513B18DACBD}.Trace|Win32.ActiveCfg = Trace|Win32
		{0875147A-2FCE-465B-8CA2-0513B18DACBD}.Trace|Win32.Build.0 = Trace|Win32
		{0875147A-2FCE-465B-8CA2-0513B18DACBD}.Trace|x64.ActiveCfg = Trace|x64
		{0875147A-2FCE-465B-8CA2-0513B18DACBD}.Trace|x64.Build.0 = Trace|x64
		{971BA09C-C00A-4194-AD27-6B6F9E8093BA}.Debug|Win32.ActiveCfg = Debug|Win32
		{971BA09C-C00A-4194-AD27-6B6F9E8093BA}.Debug|Win32.Build.0 = Debug|Win32
		{971BA09C-C00A-4194-AD27-6B6F9E8093BA}.Debug|x64.ActiveCfg = Debug|x64
		{971BA09C-C00A-4194-AD27-6B6F9E8093BA}.Debug|x64.Build.0 = Debug|x64
		{971BA09C-C00A-4194-AD27-6B6F9E8093BA}.Release|Win32.ActiveCfg = Release|Win32
		{971BA09C-C00A-4194-AD27-6B6F9E8093BA}.Release|Win32.Build.0 = Release|Win32
		{971BA09C-C00A-4194-AD27-6B6F9E8093BA}.Release|x64.ActiveCfg = Release|x64
		{971BA09C-C00A-4194-AD27-6B6F9E8093BA}.Release|x64.Build.0 = Release|x64
		{971BA09C-C00A-4194-AD27-6B6F9E8093BA}.Trace|Win32.ActiveCfg = Trace|Win32
		{971BA09C-C00A-4194-AD27-6B6F9E8093BA}.Trace|Win32.Build.0 = Trace|Win32
		{971BA09C-C00A-4194-AD27-6B6F9E8093BA}.Trace|x64.ActiveCfg = Trace|x64
		{971BA09C-C00A-4194-AD27-6B6F9E8093BA}.Trace|x64.Build.0 = Trace|x64
		{58F2EAC5-13C6-44C7-882D-BA9694CA6628}.Debug|Win32.ActiveCfg = Debug|Win32
		{58F2EAC5-13C6-44C7-882D-BA9694CA6628}.Debug|Win32.Build.0 = Debug|Win32
		{58F2EAC5-13C6-44C7-882D-BA9694CA6628}.Debug|x64.ActiveCfg = Debug|x64
		{58F2EAC5-13C6-44C7-882D-BA9694CA6628}.Debug|x64.Build.0 = Debug|x64
		{58F2EAC5-13C6-44C7-882D-BA9694CA6628}.Release|Win32.ActiveCfg = Release|Win32
		{58F2EAC5-13C6-44C7-882D-BA9694CA6628}.Release|Win32.Build.0 = Release|Win32
		{58F2EAC5-13C6-44C7-882D-BA9694CA6628}.Release|x64.ActiveCfg = Release|x64
		{58F2EAC5-13C6-44C7-882D-BA9694CA6628}.Release|x64.Build.0 = Release|x64
		{58F2EAC5-13C6-44C7-882D-BA9694CA6628}.Trace|Win32.ActiveCfg = Trace|Win32
		{58F2EAC5-13C6-44C7-882D-BA9694CA6628}.Trace|Win32.Build.0 = Trace|Win32
		{58F2EAC5-13C6-44C7-882D-BA9694CA6628}.Trace|x64.ActiveCfg = Trace|x64
		{58F2EAC5-13C6-44C7-882D-BA9694CA6628}.Trace|x64.Build.0 = Trace|x64
		{CD5CA53A-4DBD-49F4-9FC2-DB9A0D7F3C84}.Debug|Win32.ActiveCfg = Debug|Win32
		{CD5CA53A-4DBD-49F4-9FC2-DB9A0D7F3C84}.Debug|Win32.Build.0 = Debug|Win32
		{CD5CA53A-4DBD-49F4-9FC2-DB9A0D7F3C84}.Debug|x64.ActiveCfg = Debug|x64
		{CD5CA53A-4DBD-49F4-9FC2-DB9A0D7F3C84}.Debug|x64.Build.0 = Debug|x64
		{CD5CA53A-4DBD-49F4-9FC2-DB9A0D7F3C84}.Release|Win32.ActiveCfg = Release|Win32
		{CD5CA53A-4DBD-49F4-9FC2-DB9A0D7F3C84}.Release|Win32.Build.0 = Release|Win32
		{CD5CA53A-4DBD-49F4-9FC2-DB9A0D7F3C84}.Release|x64.ActiveCfg = Release|x64
		{CD5CA53A-4DBD-49F4-9FC2-DB9A0D7F3C84}.Release|x64.Build.0 = Release|x64
		{CD5CA53A-4DBD-49F4-9FC2-DB9A0D7F3C84}.Trace|Win32.ActiveCfg = Trace|Win32
		{CD5CA53A-4DBD-49F4-9FC2-DB9A0D7F3C84}.Trace|Win32.Build.0 = Trace|Win32
		{CD5CA53A-4DBD-49F4-9FC2-DB9A0D7F3C84}.Trace|x64.ActiveCfg = Trace|x64
		{CD5CA53A-4DBD-49F4-9FC2-DB9A0D7F3C84}.Trace|x64.Build.0 = Trace|x64
		{C0999144-36F2-44B8-B7C8-6E6054C1ADA0}.Debug|Win32.ActiveCfg = Debug|Win32
		{C0999144-36F2-44B8-B7C8-6E6054C1ADA0}.Debug|Win32.Build.0 = Debug|Win32
		{C0999144-36F2-44B8-B7C8-6E6054C1ADA0}.Debug|x64.ActiveCfg = Debug|x64
		{C0999144-36F2-44B8-B7C8-6E6054C1ADA0}.Debug|x64.Build.0 = Debug|x64
		{C0999144-36F2-44B8-B7C8-6E6054C1ADA0}.Release|Win32.ActiveCfg = Release|Win32
		{C0999144-36F2-44B8-B7C8-6E6054C1ADA0}.Release|Win32.Build.0 = Release|Win32
		{C0999144-36F2-44B8-B7C8-6E6054C1ADA0}.Release|x64.ActiveCfg = Release|x64
		{C0999144-36F2-44B8-B7C8-6E6054C1ADA0}.Release|x64.Build.0 = Release|x64
		{C0999144-36F2-44B8-B7C8-6E6054C1ADA0}.Trace|Win32.ActiveCfg = Trace|Win32
		{C0999144-36F2-44B8-B7C8-6E6054C1ADA0}.Trace|Win32.Build.0 = Trace|Win32
		{C0999144-36F2-44B8-B7C8-6E6054C1ADA0}.Trace|x64.ActiveCfg = Trace|x64
		{C0999144-36F2-44B8-B7C8-6E6054C1ADA0}.Trace|x64.Build.0 = Trace|x64
		{CFD01360-15FD-4A69-8231-C982DC64B29A}.Debug|Win32.ActiveCfg = Debug|Win32
		{CFD01360-15FD-4A69-8231-C982DC64B29A}.Debug|Win32.Build.0 = Debug|Win32
		{CFD01360-15FD-4A69-8231-C982DC64B29A}.Debug|x64.ActiveCfg = Debug|x64
		{CFD01360-15FD-4A69-8231-C982DC64B29A}.Debug|x64.Build.0 = Debug|x64
		{CFD01360-15FD-4A69-8231-C982DC64B29A}.Release|Win32.ActiveCfg = Release|Win32
		{CFD01360-15FD-4A69-8231-C982DC64B29A}.Release|Win32.Build.0 = Release|Win32
		{CFD01360-15FD-4A69-8231-C982DC64B29A}.Release|x64.ActiveCfg = Release|x64
		{CFD01360-15FD-4A69-8231-C982DC64B29A}.Release|x64.Build.0 = Release|x64
		{CFD01360-15FD-4A69-8231-C982DC64B29A}.Trace|Win32.ActiveCfg = Trace|Win32
		{CFD01360-15FD-4A69-8231-C982DC64B29A}.Trace|Win32.Build.0 = Trace|Win32
		{CFD01360-15FD-4A69-8231-C982DC64B29A}.Trace|x64.ActiveCfg = Trace|x64
		{CFD01360-15FD-4A69-8231-C982DC64B29A}.Trace|x64.Build.0 = Trace|x64
		{868EED3F-4EE0-4B3D-8D79-FCA1A910460B}.Debug|Win32.ActiveCfg = Debug|Win32
		{868EED3F-4EE0-4B3D-8D79-FCA1A910460B}.Debug|Win32.Build.0 = Debug|Win32
		{868EED3F-4EE0-4B3D-8D79-FCA1A910460B}.Debug|x64.ActiveCfg = Debug|x64
		{868EED3F-4EE0-4B3D-8D79-FCA1A910460B}.Debug|x64.Build.0 = Debug|x64
		{868EED3F-4EE0-4B3D-8D79-FCA1A910460B}.Release|Win32.ActiveCfg = Release|Win32
		{868EED3F-4EE0-4B3D-8D79-FCA1A910460B}.Release|Win32.Build.0 = Release|Win32
		{868EED3F-4EE0-4B3D-8D79-FCA1A910460B}.Release|x64.ActiveCfg = Release|x64
		{868EED3F-4EE0-4B3D-8D79-FCA1A910460B}.Release|x64.Build.0 = Release|x64
		{868EED3F-4EE0-4B3D-8D79-FCA1A910460B}.Trace|Win32.ActiveCfg = Trace|Win32
		{868EED3F-4EE0-4B3D-8D79-FCA1A910460B}.Trace|Win32.Build.0 = Trace|Win32
		{868EED3F-4EE0-4B3D-8D79-FCA1A910460B}.Trace|x64.ActiveCfg = Trace|x64
		{868EED3F-4EE0-4B3D-8D79-FCA1A910460B}.Trace|x64.Build.0 = Trace|x64
		{A160746E-955F-4754-8175-717BAE6116E9}.Debug|Win32.ActiveCfg = Debug|Win32
		{A160746E-955F-4754-8175-717BAE6116E9}.Debug|Win32.Build.0 = Debug|Win32
		{A160746E-955F-4754-8175-717BAE6116E9}.Debug|x64.ActiveCfg = Debug|x64
		{A160746E-955F-4754-8175-717BAE6116E9}.Debug|x64.Build.0 = Debug|x64
		{A160746E-955F-4754-8175-717BAE6116E9}.Release|Win32.ActiveCfg = Release|Win32
		{A160746E-955F-4754-8175-717BAE6116E9}.Release|Win32.Build.0 = Release|Win32
		{A160746E-955F-4754-8175-717BAE6116E9}.Release|x64.ActiveCfg = Release|x64
		{A160746E-955F-4754-8175-717BAE6116E9}.Release|x64.Build.0 = Release|x64
		{A160746E-955F-4754-8175-717BAE6116E9}.Trace|Win32.ActiveCfg = Trace|Win32
		{A160746E-955F-4754-8175-717BAE6116E9}.Trace|Win32.Build.0 = Trace|Win32
		{A160746E-955F-4754-8175-717BAE6116E9}.Trace|x64.ActiveCfg = Trace|x64
		{A160746E-955F-4754-8175-717BAE6116E9}.Trace|x64.Build.0 = Trace|x64
		{3C304055-D49F-48DC-9C5D-D08538A8A6A5}.Debug|Win32.ActiveCfg = Debug|Win32
		{3C304055-D49F-48DC-9C5D-D08538A8A6A5}.Debug|Win32.Build.0 = Debug|Win32
		{3C304055-D49F-48DC-9C5D-D08538A8A6A5}.Debug|x64.ActiveCfg = Debug|x64
		{3C304055-D49F-48DC-9C5D-D08538A8A6A5}.Debug|x64.Build.0 = Debug|x64
		{3C304055-D49F-48DC-9C5D-D08538A8A6A5}.Release|Win32.ActiveCfg = Release|Win32
		{3C304055-D49F-48DC-9C5D-D08538A8A6A5}.Release|Win32.Build.0 = Release|Win32
		{3C304055-D49F-48DC-9C5D-D08538A8A6A5}.Release|x64.ActiveCfg = Release|x64
		{3C304055-D49F-48DC-9C5D-D08538A8A6A5}.Release|x64.Build.0 = Release|x64
		{3C304055-D49F-48DC-9C5D-D08538A8A6A5}.Trace|Win32.ActiveCfg = Trace|Win32
		{3C304055-D49F-48DC-9C5D-D08538A8A6A5}.Trace|Win32.Build.0 = Trace|Win32
		{3C304055-D49F-48DC-9C5D-D08538A8A6A5}.Trace|x64.ActiveCfg = Trace|x64
		{3C304055-D49F-48DC-9C5D-D08538A8A6A5}.Trace|x64.Build.0 = Trace|x64
		{F942C86E-A104-46F4-8E50-DC1B6A4D1FF9}.Debug|Win32.ActiveCfg = Debug|Win32
		{F942C86E-A104-46F4-8E50-DC1B6A4D1FF9}.Debug|Win32.Build.0 = Debug|Win32
		{F942C86E-A104-46F4-8E50-DC1B6A4D1FF9}.Debug|x64.ActiveCfg = Debug|x64
		{F942C86E-A104-46F4-8E50-DC1B6A4D1FF9}.Debug|x64.Build.0 = Debug|x64
		{F942C86E-A104-46F4-8E50-DC1B6A4D1FF9}.Release|Win32.ActiveCfg = Release|Win32
		{F942C86E-A104-46F4-8E50-DC1B6A4D1FF9}.Release|Win32.Build.0 = Release|Win32
		{F942C86E-A104-46F4-8E50-DC1B6A4D1FF9}.Release|x64.ActiveCfg = Release|x64
		{F942C86E-A104-46F4-8E50-DC1B6A4D1FF9}.Release|x64.Build.0 = Release|x64
		{F942C86E-A104-46F4-8E50-DC1B6A4D1FF9}.Trace|Win32.ActiveCfg = Trace|Win32
		{F942C86E-A104-46F4-8E50-DC1B6A4D1FF9}.Trace|Win32.Build.0 = Trace|Win32
		{F942C86E-A104-46F4-8E50-DC1B6A4D1FF9}.Trace|x64.ActiveCfg = Trace|x64
		{F942C86E-A104-46F4-8E50-DC1B6A4D1FF9}.Trace|x64.Build.0 = Trace|x64
		{5F363A63-D199-437B-B620-158B15B7F244}.Debug|Win32.ActiveCfg = Debug|Win32
		{5F363A63-D199-437B-B620-158B15B7F244}.Debug|Win32.Build.0 = Debug|Win32
		{5F363A63-D199-437B-B620-158B15B7F244}.Debug|x64.ActiveCfg = Debug|x64
		{5F363A63-D199-437B-B620-158B15B7F244}.Debug|x64.Build.0 = Debug|x64
		{5F363A63-D199-437B-B620-158B15B7F244}.Release|Win32.ActiveCfg = Release|Win32
		{5F363A63-D199-437B-B620-158B15B7F244}.Release|Win32.Build.0 = Release|Win32
		{5F363A63-D199-437B-B620-158B15B7F244}.Release|x64.ActiveCfg = Release|x64
		{5F363A63-D199-437B-B620-158B15B7F244}.Release|x64.Build.0 = Release|x64
		{5F363A63-D199-437B-B620-158B15B7F244}.Trace|Win32.ActiveCfg = Trace|Win32
		{5F363A63-D199-437B-B620-158B15B7F244}.Trace|Win32.Build.0 = Trace|Win32
		{5F363A63-D199-437B-B620-158B15B7F244}.Trace|x64.ActiveCfg = Trace|x64
		{5F363A63-D199-437B-B620-158B15B7F244}.Trace|x64.Build.0 = Trace|x64
		{3A737F82-4D0A-4FDB-90CF-D9E6E4F22132}.Debug|Win32.ActiveCfg = Debug|Win32
		{3A737F82-4D0A-4FDB-90CF-D9E6E4F22132}.Debug|Win32.Build.0 = Debug|Win32
		{3A737F82-4D0A-4FDB-90CF-D9E6E4F22132}.Debug|x64.ActiveCfg = Debug|x64
		{3A737F82-4D0A-4FDB-90CF-D9E6E4F22132}.Debug|x64.Build.0 = Debug|x64
		{3A737F82-4D0A-4FDB-90CF-D9E6E4F22132}.Release|Win32.ActiveCfg = Release|Win32
		{3A737F82-4D0A-4FDB-90CF-D9E6E4F22132}.Release|Win32.Build.0 = Release|Win32
		{3A737F82-4D0A-4FDB-90CF-D9E6E4F22132}.Release|x64.ActiveCfg = Release|x64
		{3A737F82-4D0A-4FDB-90CF-D9E6E4F22132}.Release|x64.Build.0 = Release|x64
		{3A737F82-4D0A-4FDB-90CF-D9E6E4F22132}.Trace|Win32.ActiveCfg = Trace|Win32
		{3A737F82-4D0A-4FDB-90CF-D9E6E4F22132}.Trace|Win32.Build.0 = Trace|Win32
		{3A737F82-4D0A-4FDB-90CF-D9E6E4F22132}.Trace|x64.ActiveCfg = Trace|x64
		{3A737F82-4D0A-4FDB-90CF-D9E6E4F22132}.Trace|x64.Build.0 = Trace|x64
		{2F72235B-0FBD-463D-8FBE-FD2548F69F88}.Debug|Win32.ActiveCfg = Debug|Win32
		{2F72235B-0FBD-463D-8FBE-FD2548F69F88}.Debug|Win32.Build.0 = Debug|Win32
		{2F72235B-0FBD-463D-8FBE-FD2548F69F88}.Debug|x64.ActiveCfg = Debug|x64
		{2F72235B-0FBD-463D-8FBE-FD2548F69F88}.Debug|x64.Build.0 = Debug|x64
		{2F72235B-0FBD-463D-8FBE-FD2548F69F88}.Release|Win32.ActiveCfg = Release|Win32
		{2F72235B-0FBD-463D-8FBE-FD2548F69F88}.Release|Win32.Build.0 = Release|Win32
		{2F72235B-0FBD-463D-8FBE-FD2548F69F88}.Release|x64.ActiveCfg = Release|x64
		{2F72235B-0FBD-463D-8FBE-FD2548F69F88}.Release|x64.Build.0 = Release|x64
		{2F72235B-0FBD-463D-8FBE-FD2548F69F88}.Trace|Win32.ActiveCfg = Trace|Win32
		{2F72235B-0FBD-463D-8FBE-FD2548F69F88}.Trace|Win32.Build.0 = Trace|Win32
		{2F72235B-0FBD-463D-8FBE-FD2548F69F88}.Trace|x64.ActiveCfg = Trace|x64
		{2F72235B-0FBD-463D-8FBE-FD2548F69F88}.Trace|x64.Build.0 = Trace|x64
		{B0F73CA2-1653-4D13-B257-57F515871783}.Debug|Win32.ActiveCfg = Debug|Win32
		{B0F73CA2-1653-4D13-B257-57F515871783}.Debug|Win32.Build.0 = Debug|Win32
		{B0F73CA2-1653-4D13-B257-57F515871783}.Debug|x64.ActiveCfg = Debug|x64
		{B0F73CA2-1653-4D13-B257-57F515871783}.Debug|x64.Build.0 = Debug|x64
		{B0F73CA2-1653-4D13-B257-57F515871783}.Release|Win32.ActiveCfg = Release|Win32
		{B0F73CA2-1653-4D13-B257-57F515871783}.Release|Win32.Build.0 = Release|Win32
		{B0F73CA2-1653-4D13-B257-57F515871783}.Release|x64.ActiveCfg = Release|x64
		{B0F73CA2-1653-4D13-B257-57F515871783}.Release|x64.Build.0 = Release|x64
		{B0F73CA2-1653-4D13-B257-57F515871783}.Trace|Win32.ActiveCfg = Trace|Win32
		{B0F73CA2-1653-4D13-B257-57F515871783}.Trace|Win32.Build.0 = Trace|Win32
		{B0F73CA2-1653-4D13-B257-57F515871783}.Trace|x64.ActiveCfg = Trace|x64
		{B0F73CA2-1653-4D13-B257-57F515871783}.Trace|x64.Build.0 = Trace|x64
		{5E9D7EA7-0E16-4779-B46D-B7D0FC107F89}.Debug|Win32.ActiveCfg = Debug|Win32
		{5E9D7EA7-0E16-4779-B46D-B7D0FC107F89}.Debug|Win32.Build.0 = Debug|Win32
		{5E9D7EA7-0E16-4779-B46D-B7D0FC107F89}.Debug|x64.ActiveCfg = Debug|x64
		{5E9D7EA7-0E16-4779-B46D-B7D0FC107F89}.Debug|x64.Build.0 = Debug|x64
		{5E9D7EA7-0E16-4779-B46D-B7D0FC107F89}.Release|Win32.ActiveCfg = Release|Win32
		{5E9D7EA7-0E16-4779-B46D-B7D0FC107F89}.Release|Win32.Build.0 = Release|Win32
		{5E9D7EA7-0E16-4779-B46D-B7D0FC107F89}.Release|x64.ActiveCfg = Release|x64
		{5E9D7EA7-0E16-4779-B46D-B7D0FC107F89}.Release|x64.Build.0 = Release|x64
		{5E9D7EA7-0E16-4779-B46D-B7D0FC107F89}.Trace|Win32.ActiveCfg = Trace|Win32
		{5E9D7EA7-0E16-4779-B46D-B7D0FC107F89}.Trace|Win32.Build.0 = Trace|Win32
		{5E9D7EA7-0E16-4779-B46D-B7D0FC107F89}.Trace|x64.ActiveCfg = Trace|x64
		{5E9D7EA7-0E16-4779-B46D-B7D0FC107F89}.Trace|x64.Build.0 = Trace|x64
		{ADC47E2F-1B88-4823-9325-CE33581EB11E}.Debug|Win32.ActiveCfg = Debug|Win32
		{ADC47E2F-1B88-4823-9325-CE33581EB11E}.Debug|Win32.Build.0 = Debug|Win32
		{ADC47E2F-1B88-4823-9325-CE33581EB11E}.Debug|x64.ActiveCfg = Debug|x64
		{ADC47E2F-1B88-4823-9325-CE33581EB11E}.Debug|x64.Build.0 = Debug|x64
		{ADC47E2F-1B88-4823-9325-CE33581EB11E}.Release|Win32.ActiveCfg = Release|Win32
		{ADC47E2F-1B88-4823-9325-CE33581EB11E}.Release|Win32.Build.0 = Release|Win32
		{ADC47E2F-1B88-4823-9325-CE33581EB11E}.Release|x64.ActiveCfg = Release|x64
		{ADC47E2F-1B88-4823-9325-CE33581EB11E}.Release|x64.Build.0 = Release|x64
		{ADC47E2F-1B88-4823-9325-CE33581EB11E}.Trace|Win32.ActiveCfg = Trace|Win32
		{ADC47E2F-1B88-4823-9325-CE33581EB11E}.Trace|Win32.Build.0 = Trace|Win32
		{ADC47E2F-1B88-4823-9325-CE33581EB11E}.Trace|x64.ActiveCfg = Trace|x64
		{ADC47E2F-1B88-4823-9325-CE33581EB11E}.Trace|x64.Build.0 = Trace|x64
		{362E4AF6-F383-4926-8B36-FEEB8386DC21}.Debug|Win32.ActiveCfg = Debug|Win32
		{362E4AF6-F383-4926-8B36-FEEB8386DC21}.Debug|Win32.Build.0 = Debug|Win32
		{362E4AF6-F383-4926-8B36-FEEB8386DC21}.Debug|x64.ActiveCfg = Debug|x64
		{362E4AF6-F383-4926-8B36-FEEB8386DC21}.Debug|x64.Build.0 = Debug|x64
		{362E4AF6-F383-4926-8B36-FEEB8386DC21}.Release|Win32.ActiveCfg = Release|Win32
		{362E4AF6-F383-4926-8B36-FEEB8386DC21}.Release|Win32.Build.0 = Release|Win32
		{362E4AF6-F383-4926-8B36-FEEB8386DC21}.Release|x64.ActiveCfg = Release|x64
		{362E4AF6-F383-4926-8B36-FEEB8386DC21}.Release|x64.Build.0 = Release|x64
		{362E4AF6-F383-4926-8B36-FEEB8386DC21}.Trace|Win32.ActiveCfg = Trace|Win32
		{362E4AF6-F383-4926-8B36-FEEB8386DC21}.Trace|Win32.Build.0 = Trace|Win32
		{362E4AF6-F383-4926-8B36-FEEB8386DC21}.Trace|x64.ActiveCfg = Trace|x64
		{362E4AF6-F383-4926-8B36-FEEB8386DC21}.Trace|x64.Build.0 = Trace|x64
		{8F2CC0EC-7EE7-4E0D-9F3C-ECB04A52B3A2}.Debug|Win32.ActiveCfg = Debug|Win32
		{8F2CC0EC-7EE7-4E0D-9F3C-ECB04A52B3A2}.Debug|Win32.Build.0 = Debug|Win32
		{8F2CC0EC-7EE7-4E0D-9F3C-ECB04A52B3A2}.Debug|x64.ActiveCfg = Debug|x64
		{8F2CC0EC-7EE7-4E0D-9F3C-ECB04A52B3A2}.Debug|x64.Build.0 = Debug|x64
		{8F2CC0EC-7EE7-4E0D-9F3C-ECB04A52B3A2}.Release|Win32.ActiveCfg = Release|Win32
		{8F2CC0EC-7EE7-4E0D-9F3C-ECB04A52B3A2}.Release|Win32.Build.0 = Release|Win32
		{8F2CC0EC-7EE7-4E0D-9F3C-ECB04A52B3A2}.Release|x64.ActiveCfg = Release|x64
		{8F2CC0EC-7EE7-4E0D-9F3C-ECB04A52B3A2}.Release|x64.Build.0 = Release|x64
		{8F2CC0EC-7EE7-4E0D-9F3C-ECB04A52B3A2}.Trace|Win32.ActiveCfg = Trace|Win32
		{8F2CC0EC-7EE7-4E0D-9F3C-ECB04A52B3A2}.Trace|Win32.Build.0 = Trace|Win32
		{8F2CC0EC-7EE7-4E0D-9F3C-ECB04A52B3A2}.Trace|x64.ActiveCfg = Trace|x64
		{8F2CC0EC-7EE7-4E0D-9F3C-ECB04A52B3A2}.Trace|x64.Build.0 = Trace|x64
		{0683F6A5-3E93-44D7-A0AF-916D6EF86E9A}.Debug|Win32.ActiveCfg = Debug|Win32
		{0683F6A5-3E93-44D7-A0AF-916D6EF86E9A}.Debug|Win32.Build.0 = Debug|Win32
		{0683F6A5-3E93-44D7-A0AF-916D6EF86E9A}.Debug|x64.ActiveCfg = Debug|x64
		{0683F6A5-3E93-44D7-A0AF-916D6EF86E9A}.Debug|x64.Build.0 = Debug|x64
		{0683F6A5-3E93-44D7-A0AF-916D6EF86E9A}.Release|Win32.ActiveCfg = Release|Win32
		{0683F6A5-3E93-44D7-A0AF-916D6EF86E9A}.Release|Win32.Build.0 = Release|Win32
		{0683F6A5-3E93-44D7-A0AF-916D6EF86E9A}.Release|x64.ActiveCfg = Release|x64
		{0683F6A5-3E93-44D7-A0AF-916D6EF86E9A}.Release|x64.Build.0 = Release|x64
		{0683F6A5-3E93-44D7-A0AF-916D6EF86E9A}.Trace|Win32.ActiveCfg = Trace|Win32
		{0683F6A5-3E93-44D7-A0AF-916D6EF86E9A}.Trace|Win32.Build.0 = Trace|Win32
		{0683F6A5-3E93-44D7-A0AF-916D6EF86E9A}.Trace|x64.ActiveCfg = Trace|x64
		{0683F6A5-3E93-44D7-A0AF-916D6EF86E9A}.Trace|x64.Build.0 = Trace|x64
		{1DD9019D-62B1-4A06-BFF2-FEAB4F11A6B5}.Debug|Win32.ActiveCfg = Debug|Win32
		{1DD9019D-62B1-4A06-BFF2-FEAB4F11A6B5}.Debug|Win32.Build.0 = Debug|Win32
		{1DD9019D-62B1-4A06-BFF2-FEAB4F11A6B5}.Debug|x64.ActiveCfg = Debug|x64
		{1DD9019D-62B1-4A06-BFF2-FEAB4F11A6B5}.Debug|x64.Build.0 = Debug|x64
		{1DD9019D-62B1-4A06-BFF2-FEAB4F11A6B5}.Release|Win32.ActiveCfg = Release|Win32
		{1DD9019D-62B1-4A06-BFF2-FEAB4F11A6B5}.Release|Win32.Build.0 = Release|Win32
		{1DD9019D-62B1-4A06-BFF2-FEAB4F11A6B5}.Release|x64.ActiveCfg = Release|x64
		{1DD9019D-62B1-4A06-BFF2-FEAB4F11A6B5}.Release|x64.Build.0 = Release|x64
		{1DD9019D-62B1-4A06-BFF2-FEAB4F11A6B5}.Trace|Win32.ActiveCfg = Trace|Win32
		{1DD9019D-62B1-4A06-BFF2-FEAB4F11A6B5}.Trace|Win32.Build.0 = Trace|Win32
		{1DD9019D-62B1-4A06-BFF2-FEAB4F11A6B5}.Trace|x64.ActiveCfg = Trace|x64
		{1DD9019D-62B1-4A06-BFF2-FEAB4F11A6B5}.Trace|x64.Build.0 = Trace|x64
		{AF6162E5-6AE3-441D-8CD6-AB863C21BCD7}.Debug|Win32.ActiveCfg = Debug|Win32
		{AF6162E5-6AE3-441D-8CD6-AB863C21BCD7}.Debug|Win32.Build.0 = Debug|Win32
		{AF6162E5-6AE3-441D-8CD6-AB863C21BCD7}.Debug|x64.ActiveCfg = Debug|x64
		{AF6162E5-6AE3-441D-8CD6-AB863C21BCD7}.Debug|x64.Build.0 = Debug|x64
		{AF6162E5-6AE3-441D-8CD6-AB863C21BCD7}.Release|Win32.ActiveCfg = Release|Win32
		{AF6162E5-6AE3-441D-8CD6-AB863C21BCD7}.Release|Win32.Build.0 = Release|Win32
		{AF6162E5-6AE3-441D-8CD6-AB863C21BCD7}.Release|x64.ActiveCfg = Release|x64
		{AF6162E5-6AE3-441D-8CD6-AB863C21BCD7}.Release|x64.Build.0 = Release|x64
		{AF6162E5-6AE3-441D-8CD6-AB863C21BCD7}.Trace|Win32.ActiveCfg = Trace|Win32
		{AF6162E5-6AE3-441D-8CD6-AB863C21BCD7}.Trace|Win32.Build.0 = Trace|Win32
		{AF6162E5-6AE3-441D-8CD6-AB863C21BCD7}.Trace|x64.ActiveCfg = Trace|x64
		{AF6162E5-6AE3-441D-8CD6-AB863C21BCD7}.Trace|x64.Build.0 = Trace|x64
		{632FC8C9-3684-44E2-93EA-C82D60C433E0}.Debug|Win32.ActiveCfg = Debug|Win32
		{632FC8C9-3684-44E2-93EA-C82D60C433E0}.Debug|Win32.Build.0 = Debug|Win32
		{632FC8C9-3684-44E2-93EA-C82D60C433E0}.Debug|x64.ActiveCfg = Debug|x64
		{632FC8C9-3684-44E2-93EA-C82D60C433E0}.Debug|x64.Build.0 = Debug|x64
		{632FC8C9-3684-44E2-93EA-C82D60C433E0}.Release|Win32.ActiveCfg = Release|Win32
		{632FC8C9-3684-44E2-93EA-C82D60C433E0}.Release|Win32.Build.0 = Release|Win32
		{632FC8C9-3684-44E2-93EA-C82D60C433E0}.Release|x64.ActiveCfg = Release|x64
		{632FC8C9-3684-44E2-93EA-C82D60C433E0}.Release|x64.Build.0 = Release|x64
		{632FC8C9-3684-44E2-93EA-C82D60C433E0}.Trace|Win32.ActiveCfg = Trace|Win32
		{632FC8C9-3684-44E2-93EA-C82D60C433E0}.Trace|Win32.Build.0 = Trace|Win32
		{632FC8C9-3684-44E2-93EA-C82D60C433E0}.Trace|x64.ActiveCfg = Trace|x64
		{632FC8C9-3684-44E2-93EA-C82D60C433E0}.Trace|x64.Build.0 = Trace|x64
		{3F933A4A-9235-4CAF-BF0D-84073B37EB40}.Debug|Win32.ActiveCfg = Debug|Win32
		{3F933A4A-9235-4CAF-BF0D-84073B37EB40}.Debug|Win32.Build.0 = Debug|Win32
		{3F933A4A-9235-4CAF-BF0D-84073B37EB40}.Debug|x64.ActiveCfg = Debug|x64
		{3F933A4A-9235-4CAF-BF0D-84073B37EB40}.Debug|x64.Build.0 = Debug|x64
		{3F933A4A-9235-4CAF-BF0D-84073B37EB40}.Release|Win32.ActiveCfg = Release|Win32
		{3F933A4A-9235-4CAF-BF0D-84073B37EB40}.Release|Win32.Build.0 = Release|Win32
		{3F933A4A-9235-4CAF-BF0D-84073B37EB40}.Release|x64.ActiveCfg = Release|x64
		{3F933A4A-9235-4CAF-BF0D-84073B37EB40}.Release|x64.Build.0 = Release|x64
		{3F933A4A-9235-4CAF-BF0D-84073B37EB40}.Trace|Win32.ActiveCfg = Trace|Win32
		{3F933A4A-9235-4CAF-BF0D-84073B37EB40}.Trace|Win32.Build.0 = Trace|Win32
		{3F933A4A-9235-4CAF-BF0D-84073B37EB40}.Trace|x64.ActiveCfg = Trace|x64
		{3F933A4A-9235-4CAF-BF0D-84073B37EB40}.Trace|x64.Build.0 = Trace|x64
	EndGlobalSection
	GlobalSection(SolutionProperties) = preSolution
		HideSolutionNode = FALSE
	EndGlobalSection
	GlobalSection(NestedProjects) = preSolution
		{90010CD8-7C45-481E-8697-AAB9B3FB9E4F} = {88ECCD0A-B6B6-480A-A608-44618134D682}
		{8C62959E-9E67-4439-836E-25BE57501463} = {88ECCD0A-B6B6-480A-A608-44618134D682}
		{3CA4689D-77DA-4B2E-A718-CBB6A8FF04D7} = {88ECCD0A-B6B6-480A-A608-44618134D682}
		{916BF063-5A94-4652-B355-62220EF17768} = {88ECCD0A-B6B6-480A-A608-44618134D682}
		{755660BE-3B1E-416B-B795-4F653C83A43A} = {88ECCD0A-B6B6-480A-A608-44618134D682}
		{A339C0CA-D5FB-4DFA-9BCF-826739790653} = {88ECCD0A-B6B6-480A-A608-44618134D682}
		{05138F41-5673-4E19-A5C7-2A684488B23A} = {88ECCD0A-B6B6-480A-A608-44618134D682}
		{A2B91F83-DF0A-473D-9C3B-059673CD2046} = {88ECCD0A-B6B6-480A-A608-44618134D682}
		{4AC6C708-19C9-4CC1-A25B-D9682470411E} = {88ECCD0A-B6B6-480A-A608-44618134D682}
		{016EC61B-CBDC-4DBC-8CFC-EC65767FC60E} = {428410AC-D24D-432C-B6D0-6F803F84B119}
		{66F8889C-D7C5-430F-9C8A-46070910630D} = {71BD20EA-8CD9-42EB-8E75-65DEAB71278B}
		{B26E3D7F-8814-4485-97FF-DBB0D7C57423} = {71BD20EA-8CD9-42EB-8E75-65DEAB71278B}
		{0875147A-2FCE-465B-8CA2-0513B18DACBD} = {71BD20EA-8CD9-42EB-8E75-65DEAB71278B}
		{971BA09C-C00A-4194-AD27-6B6F9E8093BA} = {B667ECCF-C7B6-4B9D-AFE0-3A17F625DDC2}
		{58F2EAC5-13C6-44C7-882D-BA9694CA6628} = {B667ECCF-C7B6-4B9D-AFE0-3A17F625DDC2}
		{CD5CA53A-4DBD-49F4-9FC2-DB9A0D7F3C84} = {B667ECCF-C7B6-4B9D-AFE0-3A17F625DDC2}
		{C0999144-36F2-44B8-B7C8-6E6054C1ADA0} = {B667ECCF-C7B6-4B9D-AFE0-3A17F625DDC2}
		{CFD01360-15FD-4A69-8231-C982DC64B29A} = {B667ECCF-C7B6-4B9D-AFE0-3A17F625DDC2}
		{868EED3F-4EE0-4B3D-8D79-FCA1A910460B} = {E3D00934-DA10-4EC9-BA90-A1CF71A41AE5}
		{A160746E-955F-4754-8175-717BAE6116E9} = {E3D00934-DA10-4EC9-BA90-A1CF71A41AE5}
		{3C304055-D49F-48DC-9C5D-D08538A8A6A5} = {87B9F30B-B523-40D0-B103-0A355DE57A9C}
		{F942C86E-A104-46F4-8E50-DC1B6A4D1FF9} = {87B9F30B-B523-40D0-B103-0A355DE57A9C}
		{5F363A63-D199-437B-B620-158B15B7F244} = {87B9F30B-B523-40D0-B103-0A355DE57A9C}
		{3A737F82-4D0A-4FDB-90CF-D9E6E4F22132} = {87B9F30B-B523-40D0-B103-0A355DE57A9C}
		{2F72235B-0FBD-463D-8FBE-FD2548F69F88} = {DCA66997-9360-4ED0-823C-E93A1301F723}
		{B0F73CA2-1653-4D13-B257-57F515871783} = {DCA66997-9360-4ED0-823C-E93A1301F723}
		{5E9D7EA7-0E16-4779-B46D-B7D0FC107F89} = {DCA66997-9360-4ED0-823C-E93A1301F723}
		{ADC47E2F-1B88-4823-9325-CE33581EB11E} = {F8628F0D-78D2-41AA-8ABD-1059C136F546}
		{362E4AF6-F383-4926-8B36-FEEB8386DC21} = {A707909D-8812-4296-BA9A-DE1131C6BA15}
		{8F2CC0EC-7EE7-4E0D-9F3C-ECB04A52B3A2} = {2CF62D45-EA01-4E65-BA4E-78FC695B841C}
		{0683F6A5-3E93-44D7-A0AF-916D6EF86E9A} = {2CF62D45-EA01-4E65-BA4E-78FC695B841C}
		{1DD9019D-62B1-4A06-BFF2-FEAB4F11A6B5} = {2CF62D45-EA01-4E65-BA4E-78FC695B841C}
		{AF6162E5-6AE3-441D-8CD6-AB863C21BCD7} = {2CF62D45-EA01-4E65-BA4E-78FC695B841C}
		{632FC8C9-3684-44E2-93EA-C82D60C433E0} = {2CF62D45-EA01-4E65-BA4E-78FC695B841C}
		{3F933A4A-9235-4CAF-BF0D-84073B37EB40} = {2CF62D45-EA01-4E65-BA4E-78FC695B841C}
	EndGlobalSection
EndGlobal
