
Microsoft Visual Studio Solution File, Format Version 12.00
# Visual Studio 14
VisualStudioVersion = 14.0.25123.0
MinimumVisualStudioVersion = 10.0.40219.1
Project("{8BC9CEB8-8B4A-11D0-8D11-00A0C91BC942}") = "UTOpenMPSample", "UTOpenMPSample14.0.vcxproj", "{FD69F543-82F6-4521-AC11-1B2DAA3441FF}"
	ProjectSection(ProjectDependencies) = postProject
		{5689CA67-150C-4C44-8386-353386F5AC86} = {5689CA67-150C-4C44-8386-353386F5AC86}
		{5DD6484B-A722-48B0-91B8-63271D2B41FF} = {5DD6484B-A722-48B0-91B8-63271D2B41FF}
		{1563E2FD-2C00-444B-A069-ED1EE15C51EE} = {1563E2FD-2C00-444B-A069-ED1EE15C51EE}
	EndProjectSection
EndProject
Project("{8BC9CEB8-8B4A-11D0-8D11-00A0C91BC942}") = "Base", "..\..\..\Base\Base14.0.vcxproj", "{1563E2FD-2C00-444B-A069-ED1EE15C51EE}"
	ProjectSection(ProjectDependencies) = postProject
		{5689CA67-150C-4C44-8386-353386F5AC86} = {5689CA67-150C-4C44-8386-353386F5AC86}
	EndProjectSection
EndProject
Project("{8BC9CEB8-8B4A-11D0-8D11-00A0C91BC942}") = "Foundation", "..\..\..\Foundation\Foundation14.0.vcxproj", "{5DD6484B-A722-48B0-91B8-63271D2B41FF}"
	ProjectSection(ProjectDependencies) = postProject
		{5689CA67-150C-4C44-8386-353386F5AC86} = {5689CA67-150C-4C44-8386-353386F5AC86}
		{1563E2FD-2C00-444B-A069-ED1EE15C51EE} = {1563E2FD-2C00-444B-A069-ED1EE15C51EE}
	EndProjectSection
EndProject
Project("{8BC9CEB8-8B4A-11D0-8D11-00A0C91BC942}") = "RunSwig", "..\..\..\RunSwig\RunSwig14.0.vcxproj", "{5689CA67-150C-4C44-8386-353386F5AC86}"
EndProject
Global
	GlobalSection(SolutionConfigurationPlatforms) = preSolution
		Debug|Win32 = Debug|Win32
		Debug|x64 = Debug|x64
		Release|Win32 = Release|Win32
		Release|x64 = Release|x64
		Trace|Win32 = Trace|Win32
		Trace|x64 = Trace|x64
	EndGlobalSection
	GlobalSection(ProjectConfigurationPlatforms) = postSolution
		{FD69F543-82F6-4521-AC11-1B2DAA3441FF}.Debug|Win32.ActiveCfg = Debug|Win32
		{FD69F543-82F6-4521-AC11-1B2DAA3441FF}.Debug|Win32.Build.0 = Debug|Win32
		{FD69F543-82F6-4521-AC11-1B2DAA3441FF}.Debug|x64.ActiveCfg = Debug|x64
		{FD69F543-82F6-4521-AC11-1B2DAA3441FF}.Debug|x64.Build.0 = Debug|x64
		{FD69F543-82F6-4521-AC11-1B2DAA3441FF}.Release|Win32.ActiveCfg = Release|Win32
		{FD69F543-82F6-4521-AC11-1B2DAA3441FF}.Release|Win32.Build.0 = Release|Win32
		{FD69F543-82F6-4521-AC11-1B2DAA3441FF}.Release|x64.ActiveCfg = Release|x64
		{FD69F543-82F6-4521-AC11-1B2DAA3441FF}.Release|x64.Build.0 = Release|x64
		{FD69F543-82F6-4521-AC11-1B2DAA3441FF}.Trace|Win32.ActiveCfg = Trace|Win32
		{FD69F543-82F6-4521-AC11-1B2DAA3441FF}.Trace|Win32.Build.0 = Trace|Win32
		{FD69F543-82F6-4521-AC11-1B2DAA3441FF}.Trace|x64.ActiveCfg = Trace|x64
		{FD69F543-82F6-4521-AC11-1B2DAA3441FF}.Trace|x64.Build.0 = Trace|x64
		{1563E2FD-2C00-444B-A069-ED1EE15C51EE}.Debug|Win32.ActiveCfg = Debug|Win32
		{1563E2FD-2C00-444B-A069-ED1EE15C51EE}.Debug|Win32.Build.0 = Debug|Win32
		{1563E2FD-2C00-444B-A069-ED1EE15C51EE}.Debug|x64.ActiveCfg = Debug|x64
		{1563E2FD-2C00-444B-A069-ED1EE15C51EE}.Debug|x64.Build.0 = Debug|x64
		{1563E2FD-2C00-444B-A069-ED1EE15C51EE}.Release|Win32.ActiveCfg = Release|Win32
		{1563E2FD-2C00-444B-A069-ED1EE15C51EE}.Release|Win32.Build.0 = Release|Win32
		{1563E2FD-2C00-444B-A069-ED1EE15C51EE}.Release|x64.ActiveCfg = Release|x64
		{1563E2FD-2C00-444B-A069-ED1EE15C51EE}.Release|x64.Build.0 = Release|x64
		{1563E2FD-2C00-444B-A069-ED1EE15C51EE}.Trace|Win32.ActiveCfg = Trace|Win32
		{1563E2FD-2C00-444B-A069-ED1EE15C51EE}.Trace|Win32.Build.0 = Trace|Win32
		{1563E2FD-2C00-444B-A069-ED1EE15C51EE}.Trace|x64.ActiveCfg = Trace|x64
		{1563E2FD-2C00-444B-A069-ED1EE15C51EE}.Trace|x64.Build.0 = Trace|x64
		{5DD6484B-A722-48B0-91B8-63271D2B41FF}.Debug|Win32.ActiveCfg = Debug|Win32
		{5DD6484B-A722-48B0-91B8-63271D2B41FF}.Debug|Win32.Build.0 = Debug|Win32
		{5DD6484B-A722-48B0-91B8-63271D2B41FF}.Debug|x64.ActiveCfg = Debug|x64
		{5DD6484B-A722-48B0-91B8-63271D2B41FF}.Debug|x64.Build.0 = Debug|x64
		{5DD6484B-A722-48B0-91B8-63271D2B41FF}.Release|Win32.ActiveCfg = Release|Win32
		{5DD6484B-A722-48B0-91B8-63271D2B41FF}.Release|Win32.Build.0 = Release|Win32
		{5DD6484B-A722-48B0-91B8-63271D2B41FF}.Release|x64.ActiveCfg = Release|x64
		{5DD6484B-A722-48B0-91B8-63271D2B41FF}.Release|x64.Build.0 = Release|x64
		{5DD6484B-A722-48B0-91B8-63271D2B41FF}.Trace|Win32.ActiveCfg = Trace|Win32
		{5DD6484B-A722-48B0-91B8-63271D2B41FF}.Trace|Win32.Build.0 = Trace|Win32
		{5DD6484B-A722-48B0-91B8-63271D2B41FF}.Trace|x64.ActiveCfg = Trace|x64
		{5DD6484B-A722-48B0-91B8-63271D2B41FF}.Trace|x64.Build.0 = Trace|x64
		{5689CA67-150C-4C44-8386-353386F5AC86}.Debug|Win32.ActiveCfg = Debug|Win32
		{5689CA67-150C-4C44-8386-353386F5AC86}.Debug|Win32.Build.0 = Debug|Win32
		{5689CA67-150C-4C44-8386-353386F5AC86}.Debug|x64.ActiveCfg = Debug|x64
		{5689CA67-150C-4C44-8386-353386F5AC86}.Debug|x64.Build.0 = Debug|x64
		{5689CA67-150C-4C44-8386-353386F5AC86}.Release|Win32.ActiveCfg = Release|Win32
		{5689CA67-150C-4C44-8386-353386F5AC86}.Release|Win32.Build.0 = Release|Win32
		{5689CA67-150C-4C44-8386-353386F5AC86}.Release|x64.ActiveCfg = Release|x64
		{5689CA67-150C-4C44-8386-353386F5AC86}.Release|x64.Build.0 = Release|x64
		{5689CA67-150C-4C44-8386-353386F5AC86}.Trace|Win32.ActiveCfg = Trace|Win32
		{5689CA67-150C-4C44-8386-353386F5AC86}.Trace|Win32.Build.0 = Trace|Win32
		{5689CA67-150C-4C44-8386-353386F5AC86}.Trace|x64.ActiveCfg = Trace|x64
		{5689CA67-150C-4C44-8386-353386F5AC86}.Trace|x64.Build.0 = Trace|x64
	EndGlobalSection
	GlobalSection(SolutionProperties) = preSolution
		HideSolutionNode = FALSE
	EndGlobalSection
EndGlobal
