
Microsoft Visual Studio Solution File, Format Version 12.00
# Visual Studio 14
VisualStudioVersion = 14.0.25123.0
MinimumVisualStudioVersion = 10.0.40219.1
Project("{8BC9CEB8-8B4A-11D0-8D11-00A0C91BC942}") = "SprPythonDLL", "SprPythonDLL14.0.vcxproj", "{C7C9BC93-1854-4307-9B96-31B596542784}"
	ProjectSection(ProjectDependencies) = postProject
		{4CB5DA50-4BF0-4E42-81E2-6785BDED5B09} = {4CB5DA50-4BF0-4E42-81E2-6785BDED5B09}
	EndProjectSection
EndProject
Project("{8BC9CEB8-8B4A-11D0-8D11-00A0C91BC942}") = "Base", "..\Base\Base14.0.vcxproj", "{90010CD8-7C45-481E-8697-AAB9B3FB9E4F}"
	ProjectSection(ProjectDependencies) = postProject
		{4AC6C708-19C9-4CC1-A25B-D9682470411E} = {4AC6C708-19C9-4CC1-A25B-D9682470411E}
	EndProjectSection
EndProject
Project("{8BC9CEB8-8B4A-11D0-8D11-00A0C91BC942}") = "Collision", "..\Collision\Collision14.0.vcxproj", "{8C62959E-9E67-4439-836E-25BE57501463}"
	ProjectSection(ProjectDependencies) = postProject
		{4AC6C708-19C9-4CC1-A25B-D9682470411E} = {4AC6C708-19C9-4CC1-A25B-D9682470411E}
		{916BF063-5A94-4652-B355-62220EF17768} = {916BF063-5A94-4652-B355-62220EF17768}
	EndProjectSection
EndProject
Project("{8BC9CEB8-8B4A-11D0-8D11-00A0C91BC942}") = "Creature", "..\Creature\Creature14.0.vcxproj", "{F674A4D7-A183-4C53-815D-12E17B71C6A0}"
	ProjectSection(ProjectDependencies) = postProject
		{4AC6C708-19C9-4CC1-A25B-D9682470411E} = {4AC6C708-19C9-4CC1-A25B-D9682470411E}
		{916BF063-5A94-4652-B355-62220EF17768} = {916BF063-5A94-4652-B355-62220EF17768}
		{A2B91F83-DF0A-473D-9C3B-059673CD2046} = {A2B91F83-DF0A-473D-9C3B-059673CD2046}
		{755660BE-3B1E-416B-B795-4F653C83A43A} = {755660BE-3B1E-416B-B795-4F653C83A43A}
	EndProjectSection
EndProject
Project("{8BC9CEB8-8B4A-11D0-8D11-00A0C91BC942}") = "EmbPython", "EmbPython14.0.vcxproj", "{4CB5DA50-4BF0-4E42-81E2-6785BDED5B09}"
	ProjectSection(ProjectDependencies) = postProject
		{59C4D972-C917-4F20-B8E7-9E5D22169F33} = {59C4D972-C917-4F20-B8E7-9E5D22169F33}
	EndProjectSection
EndProject
Project("{8BC9CEB8-8B4A-11D0-8D11-00A0C91BC942}") = "EmbPython_RunSwig14.0", "EmbPython_RunSwig14.0.vcxproj", "{59C4D972-C917-4F20-B8E7-9E5D22169F33}"
	ProjectSection(ProjectDependencies) = postProject
		{05138F41-5673-4E19-A5C7-2A684488B23A} = {05138F41-5673-4E19-A5C7-2A684488B23A}
		{916BF063-5A94-4652-B355-62220EF17768} = {916BF063-5A94-4652-B355-62220EF17768}
		{A2B91F83-DF0A-473D-9C3B-059673CD2046} = {A2B91F83-DF0A-473D-9C3B-059673CD2046}
		{3CA4689D-77DA-4B2E-A718-CBB6A8FF04D7} = {3CA4689D-77DA-4B2E-A718-CBB6A8FF04D7}
		{8C62959E-9E67-4439-836E-25BE57501463} = {8C62959E-9E67-4439-836E-25BE57501463}
		{755660BE-3B1E-416B-B795-4F653C83A43A} = {755660BE-3B1E-416B-B795-4F653C83A43A}
		{A339C0CA-D5FB-4DFA-9BCF-826739790653} = {A339C0CA-D5FB-4DFA-9BCF-826739790653}
		{F674A4D7-A183-4C53-815D-12E17B71C6A0} = {F674A4D7-A183-4C53-815D-12E17B71C6A0}
		{90010CD8-7C45-481E-8697-AAB9B3FB9E4F} = {90010CD8-7C45-481E-8697-AAB9B3FB9E4F}
	EndProjectSection
EndProject
Project("{8BC9CEB8-8B4A-11D0-8D11-00A0C91BC942}") = "FileIO", "..\FileIO\FileIO14.0.vcxproj", "{3CA4689D-77DA-4B2E-A718-CBB6A8FF04D7}"
	ProjectSection(ProjectDependencies) = postProject
		{4AC6C708-19C9-4CC1-A25B-D9682470411E} = {4AC6C708-19C9-4CC1-A25B-D9682470411E}
		{916BF063-5A94-4652-B355-62220EF17768} = {916BF063-5A94-4652-B355-62220EF17768}
	EndProjectSection
EndProject
Project("{8BC9CEB8-8B4A-11D0-8D11-00A0C91BC942}") = "Foundation", "..\Foundation\Foundation14.0.vcxproj", "{916BF063-5A94-4652-B355-62220EF17768}"
	ProjectSection(ProjectDependencies) = postProject
		{4AC6C708-19C9-4CC1-A25B-D9682470411E} = {4AC6C708-19C9-4CC1-A25B-D9682470411E}
		{90010CD8-7C45-481E-8697-AAB9B3FB9E4F} = {90010CD8-7C45-481E-8697-AAB9B3FB9E4F}
	EndProjectSection
EndProject
Project("{8BC9CEB8-8B4A-11D0-8D11-00A0C91BC942}") = "Framework", "..\Framework\Framework14.0.vcxproj", "{755660BE-3B1E-416B-B795-4F653C83A43A}"
	ProjectSection(ProjectDependencies) = postProject
		{4AC6C708-19C9-4CC1-A25B-D9682470411E} = {4AC6C708-19C9-4CC1-A25B-D9682470411E}
		{916BF063-5A94-4652-B355-62220EF17768} = {916BF063-5A94-4652-B355-62220EF17768}
		{A2B91F83-DF0A-473D-9C3B-059673CD2046} = {A2B91F83-DF0A-473D-9C3B-059673CD2046}
		{3CA4689D-77DA-4B2E-A718-CBB6A8FF04D7} = {3CA4689D-77DA-4B2E-A718-CBB6A8FF04D7}
		{A339C0CA-D5FB-4DFA-9BCF-826739790653} = {A339C0CA-D5FB-4DFA-9BCF-826739790653}
	EndProjectSection
EndProject
Project("{8BC9CEB8-8B4A-11D0-8D11-00A0C91BC942}") = "Graphics", "..\Graphics\Graphics14.0.vcxproj", "{A339C0CA-D5FB-4DFA-9BCF-826739790653}"
	ProjectSection(ProjectDependencies) = postProject
		{4AC6C708-19C9-4CC1-A25B-D9682470411E} = {4AC6C708-19C9-4CC1-A25B-D9682470411E}
		{916BF063-5A94-4652-B355-62220EF17768} = {916BF063-5A94-4652-B355-62220EF17768}
	EndProjectSection
EndProject
Project("{8BC9CEB8-8B4A-11D0-8D11-00A0C91BC942}") = "HumanInterface", "..\HumanInterface\HumanInterface14.0.vcxproj", "{05138F41-5673-4E19-A5C7-2A684488B23A}"
	ProjectSection(ProjectDependencies) = postProject
		{4AC6C708-19C9-4CC1-A25B-D9682470411E} = {4AC6C708-19C9-4CC1-A25B-D9682470411E}
		{916BF063-5A94-4652-B355-62220EF17768} = {916BF063-5A94-4652-B355-62220EF17768}
	EndProjectSection
EndProject
Project("{8BC9CEB8-8B4A-11D0-8D11-00A0C91BC942}") = "Physics", "..\Physics\Physics14.0.vcxproj", "{A2B91F83-DF0A-473D-9C3B-059673CD2046}"
	ProjectSection(ProjectDependencies) = postProject
		{4AC6C708-19C9-4CC1-A25B-D9682470411E} = {4AC6C708-19C9-4CC1-A25B-D9682470411E}
		{916BF063-5A94-4652-B355-62220EF17768} = {916BF063-5A94-4652-B355-62220EF17768}
		{8C62959E-9E67-4439-836E-25BE57501463} = {8C62959E-9E67-4439-836E-25BE57501463}
	EndProjectSection
EndProject
Project("{8BC9CEB8-8B4A-11D0-8D11-00A0C91BC942}") = "RunSwig", "..\RunSwig\RunSwig14.0.vcxproj", "{4AC6C708-19C9-4CC1-A25B-D9682470411E}"
EndProject
Global
	GlobalSection(SolutionConfigurationPlatforms) = preSolution
		Debug|Win32 = Debug|Win32
		Debug|x64 = Debug|x64
		Release|Win32 = Release|Win32
		Release|x64 = Release|x64
		Trace|Win32 = Trace|Win32
		Trace|x64 = Trace|x64
	EndGlobalSection
	GlobalSection(ProjectConfigurationPlatforms) = postSolution
		{C7C9BC93-1854-4307-9B96-31B596542784}.Debug|Win32.ActiveCfg = Debug|Win32
		{C7C9BC93-1854-4307-9B96-31B596542784}.Debug|Win32.Build.0 = Debug|Win32
		{C7C9BC93-1854-4307-9B96-31B596542784}.Debug|x64.ActiveCfg = Debug|x64
		{C7C9BC93-1854-4307-9B96-31B596542784}.Debug|x64.Build.0 = Debug|x64
		{C7C9BC93-1854-4307-9B96-31B596542784}.Release|Win32.ActiveCfg = Release|Win32
		{C7C9BC93-1854-4307-9B96-31B596542784}.Release|Win32.Build.0 = Release|Win32
		{C7C9BC93-1854-4307-9B96-31B596542784}.Release|x64.ActiveCfg = Release|x64
		{C7C9BC93-1854-4307-9B96-31B596542784}.Release|x64.Build.0 = Release|x64
		{C7C9BC93-1854-4307-9B96-31B596542784}.Trace|Win32.ActiveCfg = Trace|Win32
		{C7C9BC93-1854-4307-9B96-31B596542784}.Trace|Win32.Build.0 = Trace|Win32
		{C7C9BC93-1854-4307-9B96-31B596542784}.Trace|x64.ActiveCfg = Trace|x64
		{C7C9BC93-1854-4307-9B96-31B596542784}.Trace|x64.Build.0 = Trace|x64
		{90010CD8-7C45-481E-8697-AAB9B3FB9E4F}.Debug|Win32.ActiveCfg = Debug|Win32
		{90010CD8-7C45-481E-8697-AAB9B3FB9E4F}.Debug|Win32.Build.0 = Debug|Win32
		{90010CD8-7C45-481E-8697-AAB9B3FB9E4F}.Debug|x64.ActiveCfg = Debug|x64
		{90010CD8-7C45-481E-8697-AAB9B3FB9E4F}.Debug|x64.Build.0 = Debug|x64
		{90010CD8-7C45-481E-8697-AAB9B3FB9E4F}.Release|Win32.ActiveCfg = Release|Win32
		{90010CD8-7C45-481E-8697-AAB9B3FB9E4F}.Release|Win32.Build.0 = Release|Win32
		{90010CD8-7C45-481E-8697-AAB9B3FB9E4F}.Release|x64.ActiveCfg = Release|x64
		{90010CD8-7C45-481E-8697-AAB9B3FB9E4F}.Release|x64.Build.0 = Release|x64
		{90010CD8-7C45-481E-8697-AAB9B3FB9E4F}.Trace|Win32.ActiveCfg = Trace|Win32
		{90010CD8-7C45-481E-8697-AAB9B3FB9E4F}.Trace|Win32.Build.0 = Trace|Win32
		{90010CD8-7C45-481E-8697-AAB9B3FB9E4F}.Trace|x64.ActiveCfg = Trace|x64
		{90010CD8-7C45-481E-8697-AAB9B3FB9E4F}.Trace|x64.Build.0 = Trace|x64
		{8C62959E-9E67-4439-836E-25BE57501463}.Debug|Win32.ActiveCfg = Debug|Win32
		{8C62959E-9E67-4439-836E-25BE57501463}.Debug|Win32.Build.0 = Debug|Win32
		{8C62959E-9E67-4439-836E-25BE57501463}.Debug|x64.ActiveCfg = Debug|x64
		{8C62959E-9E67-4439-836E-25BE57501463}.Debug|x64.Build.0 = Debug|x64
		{8C62959E-9E67-4439-836E-25BE57501463}.Release|Win32.ActiveCfg = Release|Win32
		{8C62959E-9E67-4439-836E-25BE57501463}.Release|Win32.Build.0 = Release|Win32
		{8C62959E-9E67-4439-836E-25BE57501463}.Release|x64.ActiveCfg = Release|x64
		{8C62959E-9E67-4439-836E-25BE57501463}.Release|x64.Build.0 = Release|x64
		{8C62959E-9E67-4439-836E-25BE57501463}.Trace|Win32.ActiveCfg = Trace|Win32
		{8C62959E-9E67-4439-836E-25BE57501463}.Trace|Win32.Build.0 = Trace|Win32
		{8C62959E-9E67-4439-836E-25BE57501463}.Trace|x64.ActiveCfg = Trace|x64
		{8C62959E-9E67-4439-836E-25BE57501463}.Trace|x64.Build.0 = Trace|x64
		{F674A4D7-A183-4C53-815D-12E17B71C6A0}.Debug|Win32.ActiveCfg = Debug|Win32
		{F674A4D7-A183-4C53-815D-12E17B71C6A0}.Debug|Win32.Build.0 = Debug|Win32
		{F674A4D7-A183-4C53-815D-12E17B71C6A0}.Debug|x64.ActiveCfg = Debug|x64
		{F674A4D7-A183-4C53-815D-12E17B71C6A0}.Debug|x64.Build.0 = Debug|x64
		{F674A4D7-A183-4C53-815D-12E17B71C6A0}.Release|Win32.ActiveCfg = Release|Win32
		{F674A4D7-A183-4C53-815D-12E17B71C6A0}.Release|Win32.Build.0 = Release|Win32
		{F674A4D7-A183-4C53-815D-12E17B71C6A0}.Release|x64.ActiveCfg = Release|x64
		{F674A4D7-A183-4C53-815D-12E17B71C6A0}.Release|x64.Build.0 = Release|x64
		{F674A4D7-A183-4C53-815D-12E17B71C6A0}.Trace|Win32.ActiveCfg = Trace|Win32
		{F674A4D7-A183-4C53-815D-12E17B71C6A0}.Trace|Win32.Build.0 = Trace|Win32
		{F674A4D7-A183-4C53-815D-12E17B71C6A0}.Trace|x64.ActiveCfg = Trace|x64
		{F674A4D7-A183-4C53-815D-12E17B71C6A0}.Trace|x64.Build.0 = Trace|x64
		{4CB5DA50-4BF0-4E42-81E2-6785BDED5B09}.Debug|Win32.ActiveCfg = Debug|Win32
		{4CB5DA50-4BF0-4E42-81E2-6785BDED5B09}.Debug|Win32.Build.0 = Debug|Win32
		{4CB5DA50-4BF0-4E42-81E2-6785BDED5B09}.Debug|x64.ActiveCfg = Debug|x64
		{4CB5DA50-4BF0-4E42-81E2-6785BDED5B09}.Debug|x64.Build.0 = Debug|x64
		{4CB5DA50-4BF0-4E42-81E2-6785BDED5B09}.Release|Win32.ActiveCfg = Release|Win32
		{4CB5DA50-4BF0-4E42-81E2-6785BDED5B09}.Release|Win32.Build.0 = Release|Win32
		{4CB5DA50-4BF0-4E42-81E2-6785BDED5B09}.Release|x64.ActiveCfg = Release|x64
		{4CB5DA50-4BF0-4E42-81E2-6785BDED5B09}.Release|x64.Build.0 = Release|x64
		{4CB5DA50-4BF0-4E42-81E2-6785BDED5B09}.Trace|Win32.ActiveCfg = Trace|Win32
		{4CB5DA50-4BF0-4E42-81E2-6785BDED5B09}.Trace|Win32.Build.0 = Trace|Win32
		{4CB5DA50-4BF0-4E42-81E2-6785BDED5B09}.Trace|x64.ActiveCfg = Trace|x64
		{4CB5DA50-4BF0-4E42-81E2-6785BDED5B09}.Trace|x64.Build.0 = Trace|x64
		{59C4D972-C917-4F20-B8E7-9E5D22169F33}.Debug|Win32.ActiveCfg = Debug|Win32
		{59C4D972-C917-4F20-B8E7-9E5D22169F33}.Debug|Win32.Build.0 = Debug|Win32
		{59C4D972-C917-4F20-B8E7-9E5D22169F33}.Debug|x64.ActiveCfg = Debug|x64
		{59C4D972-C917-4F20-B8E7-9E5D22169F33}.Debug|x64.Build.0 = Debug|x64
		{59C4D972-C917-4F20-B8E7-9E5D22169F33}.Release|Win32.ActiveCfg = Release|Win32
		{59C4D972-C917-4F20-B8E7-9E5D22169F33}.Release|Win32.Build.0 = Release|Win32
		{59C4D972-C917-4F20-B8E7-9E5D22169F33}.Release|x64.ActiveCfg = Release|x64
		{59C4D972-C917-4F20-B8E7-9E5D22169F33}.Release|x64.Build.0 = Release|x64
		{59C4D972-C917-4F20-B8E7-9E5D22169F33}.Trace|Win32.ActiveCfg = Trace|Win32
		{59C4D972-C917-4F20-B8E7-9E5D22169F33}.Trace|Win32.Build.0 = Trace|Win32
		{59C4D972-C917-4F20-B8E7-9E5D22169F33}.Trace|x64.ActiveCfg = Trace|x64
		{59C4D972-C917-4F20-B8E7-9E5D22169F33}.Trace|x64.Build.0 = Trace|x64
		{3CA4689D-77DA-4B2E-A718-CBB6A8FF04D7}.Debug|Win32.ActiveCfg = Debug|Win32
		{3CA4689D-77DA-4B2E-A718-CBB6A8FF04D7}.Debug|Win32.Build.0 = Debug|Win32
		{3CA4689D-77DA-4B2E-A718-CBB6A8FF04D7}.Debug|x64.ActiveCfg = Debug|x64
		{3CA4689D-77DA-4B2E-A718-CBB6A8FF04D7}.Debug|x64.Build.0 = Debug|x64
		{3CA4689D-77DA-4B2E-A718-CBB6A8FF04D7}.Release|Win32.ActiveCfg = Release|Win32
		{3CA4689D-77DA-4B2E-A718-CBB6A8FF04D7}.Release|Win32.Build.0 = Release|Win32
		{3CA4689D-77DA-4B2E-A718-CBB6A8FF04D7}.Release|x64.ActiveCfg = Release|x64
		{3CA4689D-77DA-4B2E-A718-CBB6A8FF04D7}.Release|x64.Build.0 = Release|x64
		{3CA4689D-77DA-4B2E-A718-CBB6A8FF04D7}.Trace|Win32.ActiveCfg = Trace|Win32
		{3CA4689D-77DA-4B2E-A718-CBB6A8FF04D7}.Trace|Win32.Build.0 = Trace|Win32
		{3CA4689D-77DA-4B2E-A718-CBB6A8FF04D7}.Trace|x64.ActiveCfg = Trace|x64
		{3CA4689D-77DA-4B2E-A718-CBB6A8FF04D7}.Trace|x64.Build.0 = Trace|x64
		{916BF063-5A94-4652-B355-62220EF17768}.Debug|Win32.ActiveCfg = Debug|Win32
		{916BF063-5A94-4652-B355-62220EF17768}.Debug|Win32.Build.0 = Debug|Win32
		{916BF063-5A94-4652-B355-62220EF17768}.Debug|x64.ActiveCfg = Debug|x64
		{916BF063-5A94-4652-B355-62220EF17768}.Debug|x64.Build.0 = Debug|x64
		{916BF063-5A94-4652-B355-62220EF17768}.Release|Win32.ActiveCfg = Release|Win32
		{916BF063-5A94-4652-B355-62220EF17768}.Release|Win32.Build.0 = Release|Win32
		{916BF063-5A94-4652-B355-62220EF17768}.Release|x64.ActiveCfg = Release|x64
		{916BF063-5A94-4652-B355-62220EF17768}.Release|x64.Build.0 = Release|x64
		{916BF063-5A94-4652-B355-62220EF17768}.Trace|Win32.ActiveCfg = Trace|Win32
		{916BF063-5A94-4652-B355-62220EF17768}.Trace|Win32.Build.0 = Trace|Win32
		{916BF063-5A94-4652-B355-62220EF17768}.Trace|x64.ActiveCfg = Trace|x64
		{916BF063-5A94-4652-B355-62220EF17768}.Trace|x64.Build.0 = Trace|x64
		{755660BE-3B1E-416B-B795-4F653C83A43A}.Debug|Win32.ActiveCfg = Debug|Win32
		{755660BE-3B1E-416B-B795-4F653C83A43A}.Debug|Win32.Build.0 = Debug|Win32
		{755660BE-3B1E-416B-B795-4F653C83A43A}.Debug|x64.ActiveCfg = Debug|x64
		{755660BE-3B1E-416B-B795-4F653C83A43A}.Debug|x64.Build.0 = Debug|x64
		{755660BE-3B1E-416B-B795-4F653C83A43A}.Release|Win32.ActiveCfg = Release|Win32
		{755660BE-3B1E-416B-B795-4F653C83A43A}.Release|Win32.Build.0 = Release|Win32
		{755660BE-3B1E-416B-B795-4F653C83A43A}.Release|x64.ActiveCfg = Release|x64
		{755660BE-3B1E-416B-B795-4F653C83A43A}.Release|x64.Build.0 = Release|x64
		{755660BE-3B1E-416B-B795-4F653C83A43A}.Trace|Win32.ActiveCfg = Trace|Win32
		{755660BE-3B1E-416B-B795-4F653C83A43A}.Trace|Win32.Build.0 = Trace|Win32
		{755660BE-3B1E-416B-B795-4F653C83A43A}.Trace|x64.ActiveCfg = Trace|x64
		{755660BE-3B1E-416B-B795-4F653C83A43A}.Trace|x64.Build.0 = Trace|x64
		{A339C0CA-D5FB-4DFA-9BCF-826739790653}.Debug|Win32.ActiveCfg = Debug|Win32
		{A339C0CA-D5FB-4DFA-9BCF-826739790653}.Debug|Win32.Build.0 = Debug|Win32
		{A339C0CA-D5FB-4DFA-9BCF-826739790653}.Debug|x64.ActiveCfg = Debug|x64
		{A339C0CA-D5FB-4DFA-9BCF-826739790653}.Debug|x64.Build.0 = Debug|x64
		{A339C0CA-D5FB-4DFA-9BCF-826739790653}.Release|Win32.ActiveCfg = Release|Win32
		{A339C0CA-D5FB-4DFA-9BCF-826739790653}.Release|Win32.Build.0 = Release|Win32
		{A339C0CA-D5FB-4DFA-9BCF-826739790653}.Release|x64.ActiveCfg = Release|x64
		{A339C0CA-D5FB-4DFA-9BCF-826739790653}.Release|x64.Build.0 = Release|x64
		{A339C0CA-D5FB-4DFA-9BCF-826739790653}.Trace|Win32.ActiveCfg = Trace|Win32
		{A339C0CA-D5FB-4DFA-9BCF-826739790653}.Trace|Win32.Build.0 = Trace|Win32
		{A339C0CA-D5FB-4DFA-9BCF-826739790653}.Trace|x64.ActiveCfg = Trace|x64
		{A339C0CA-D5FB-4DFA-9BCF-826739790653}.Trace|x64.Build.0 = Trace|x64
		{05138F41-5673-4E19-A5C7-2A684488B23A}.Debug|Win32.ActiveCfg = Debug|Win32
		{05138F41-5673-4E19-A5C7-2A684488B23A}.Debug|Win32.Build.0 = Debug|Win32
		{05138F41-5673-4E19-A5C7-2A684488B23A}.Debug|x64.ActiveCfg = Debug|x64
		{05138F41-5673-4E19-A5C7-2A684488B23A}.Debug|x64.Build.0 = Debug|x64
		{05138F41-5673-4E19-A5C7-2A684488B23A}.Release|Win32.ActiveCfg = Release|Win32
		{05138F41-5673-4E19-A5C7-2A684488B23A}.Release|Win32.Build.0 = Release|Win32
		{05138F41-5673-4E19-A5C7-2A684488B23A}.Release|x64.ActiveCfg = Release|x64
		{05138F41-5673-4E19-A5C7-2A684488B23A}.Release|x64.Build.0 = Release|x64
		{05138F41-5673-4E19-A5C7-2A684488B23A}.Trace|Win32.ActiveCfg = Trace|Win32
		{05138F41-5673-4E19-A5C7-2A684488B23A}.Trace|Win32.Build.0 = Trace|Win32
		{05138F41-5673-4E19-A5C7-2A684488B23A}.Trace|x64.ActiveCfg = Trace|x64
		{05138F41-5673-4E19-A5C7-2A684488B23A}.Trace|x64.Build.0 = Trace|x64
		{A2B91F83-DF0A-473D-9C3B-059673CD2046}.Debug|Win32.ActiveCfg = Debug|Win32
		{A2B91F83-DF0A-473D-9C3B-059673CD2046}.Debug|Win32.Build.0 = Debug|Win32
		{A2B91F83-DF0A-473D-9C3B-059673CD2046}.Debug|x64.ActiveCfg = Debug|x64
		{A2B91F83-DF0A-473D-9C3B-059673CD2046}.Debug|x64.Build.0 = Debug|x64
		{A2B91F83-DF0A-473D-9C3B-059673CD2046}.Release|Win32.ActiveCfg = Release|Win32
		{A2B91F83-DF0A-473D-9C3B-059673CD2046}.Release|Win32.Build.0 = Release|Win32
		{A2B91F83-DF0A-473D-9C3B-059673CD2046}.Release|x64.ActiveCfg = Release|x64
		{A2B91F83-DF0A-473D-9C3B-059673CD2046}.Release|x64.Build.0 = Release|x64
		{A2B91F83-DF0A-473D-9C3B-059673CD2046}.Trace|Win32.ActiveCfg = Trace|Win32
		{A2B91F83-DF0A-473D-9C3B-059673CD2046}.Trace|Win32.Build.0 = Trace|Win32
		{A2B91F83-DF0A-473D-9C3B-059673CD2046}.Trace|x64.ActiveCfg = Trace|x64
		{A2B91F83-DF0A-473D-9C3B-059673CD2046}.Trace|x64.Build.0 = Trace|x64
		{4AC6C708-19C9-4CC1-A25B-D9682470411E}.Debug|Win32.ActiveCfg = Debug|Win32
		{4AC6C708-19C9-4CC1-A25B-D9682470411E}.Debug|Win32.Build.0 = Debug|Win32
		{4AC6C708-19C9-4CC1-A25B-D9682470411E}.Debug|x64.ActiveCfg = Debug|x64
		{4AC6C708-19C9-4CC1-A25B-D9682470411E}.Debug|x64.Build.0 = Debug|x64
		{4AC6C708-19C9-4CC1-A25B-D9682470411E}.Release|Win32.ActiveCfg = Release|Win32
		{4AC6C708-19C9-4CC1-A25B-D9682470411E}.Release|Win32.Build.0 = Release|Win32
		{4AC6C708-19C9-4CC1-A25B-D9682470411E}.Release|x64.ActiveCfg = Release|x64
		{4AC6C708-19C9-4CC1-A25B-D9682470411E}.Release|x64.Build.0 = Release|x64
		{4AC6C708-19C9-4CC1-A25B-D9682470411E}.Trace|Win32.ActiveCfg = Trace|Win32
		{4AC6C708-19C9-4CC1-A25B-D9682470411E}.Trace|Win32.Build.0 = Trace|Win32
		{4AC6C708-19C9-4CC1-A25B-D9682470411E}.Trace|x64.ActiveCfg = Trace|x64
		{4AC6C708-19C9-4CC1-A25B-D9682470411E}.Trace|x64.Build.0 = Trace|x64
	EndGlobalSection
	GlobalSection(SolutionProperties) = preSolution
		HideSolutionNode = FALSE
	EndGlobalSection
EndGlobal
